// !$*UTF8*$!
{
	archiveVersion = 1;
	classes = {
	};
	objectVersion = 51;
	objects = {

/* Begin PBXBuildFile section */
		B3F18CDBBCAC5A1034587BFC /* libPods-COOKBOOK.a in Frameworks */ = {isa = PBXBuildFile; fileRef = BD58E067D65A23B12CA1717C /* libPods-COOKBOOK.a */; };
		CC039F0523FD1031002ED7F3 /* ForgetPasswordView.swift in Sources */ = {isa = PBXBuildFile; fileRef = CC039F0423FD1031002ED7F3 /* ForgetPasswordView.swift */; };
		CC1A390223FC1EB3000AAF3A /* SplashView.swift in Sources */ = {isa = PBXBuildFile; fileRef = CC1A390123FC1EB3000AAF3A /* SplashView.swift */; };
		CC1A390723FC54ED000AAF3A /* SignInView.swift in Sources */ = {isa = PBXBuildFile; fileRef = CC1A390623FC54ED000AAF3A /* SignInView.swift */; };
		CC25A43B240087A400F67182 /* CGRect + Ext.swift in Sources */ = {isa = PBXBuildFile; fileRef = CC25A43A240087A400F67182 /* CGRect + Ext.swift */; };
		CC2752E123FDA33D00BE56A5 /* HomeView.swift in Sources */ = {isa = PBXBuildFile; fileRef = CC2752E023FDA33D00BE56A5 /* HomeView.swift */; };
		CC2A98A92410ECEC002FD8B4 /* PopularRecipesCollectionViewCell.swift in Sources */ = {isa = PBXBuildFile; fileRef = CC2A98A82410ECEC002FD8B4 /* PopularRecipesCollectionViewCell.swift */; };
		CC2A98AC2410F839002FD8B4 /* PopularRecipesTableViewCellCollectionViewCell.swift in Sources */ = {isa = PBXBuildFile; fileRef = CC2A98AB2410F839002FD8B4 /* PopularRecipesTableViewCellCollectionViewCell.swift */; };
		CC2A98AE241111ED002FD8B4 /* RecipesModel.swift in Sources */ = {isa = PBXBuildFile; fileRef = CC2A98AD241111ED002FD8B4 /* RecipesModel.swift */; };
		CC2BA6FB2415F3A00039B725 /* RecipesTableViewDetailsView.swift in Sources */ = {isa = PBXBuildFile; fileRef = CC2BA6FA2415F3A00039B725 /* RecipesTableViewDetailsView.swift */; };
		CC33256E23FCF88D00F8A6F2 /* SignupView.swift in Sources */ = {isa = PBXBuildFile; fileRef = CC33256D23FCF88D00F8A6F2 /* SignupView.swift */; };
		CC410FB82406C41500F4A82D /* SideMenuTableViewController.swift in Sources */ = {isa = PBXBuildFile; fileRef = CC410FB72406C41500F4A82D /* SideMenuTableViewController.swift */; };
		CC410FBB2406C44500F4A82D /* SideMenuTableViewCell.swift in Sources */ = {isa = PBXBuildFile; fileRef = CC410FBA2406C44500F4A82D /* SideMenuTableViewCell.swift */; };
		CC74E77F23FF6B4E000625DF /* ActivityIndicator.swift in Sources */ = {isa = PBXBuildFile; fileRef = CC74E77E23FF6B4E000625DF /* ActivityIndicator.swift */; };
		CCA170492402A96A008126C1 /* HomeTableViewCell.swift in Sources */ = {isa = PBXBuildFile; fileRef = CCA170482402A96A008126C1 /* HomeTableViewCell.swift */; };
		CCE19A3B2415FED50089F2CA /* RecipesTableViewDetails.swift in Sources */ = {isa = PBXBuildFile; fileRef = CCE19A3A2415FED50089F2CA /* RecipesTableViewDetails.swift */; };
		CCE8FC88240C7CD500005405 /* CategoriesCollectionViewCell.swift in Sources */ = {isa = PBXBuildFile; fileRef = CCE8FC87240C7CD500005405 /* CategoriesCollectionViewCell.swift */; };
		CCF279E2240B186700EFEADE /* CategoriesTableViewCellCollectionViewCell.swift in Sources */ = {isa = PBXBuildFile; fileRef = CCF279E1240B186700EFEADE /* CategoriesTableViewCellCollectionViewCell.swift */; };
		CCF790052401BE6C006FC3A6 /* ImageView + Ext.swift in Sources */ = {isa = PBXBuildFile; fileRef = CCF790042401BE6C006FC3A6 /* ImageView + Ext.swift */; };
		CCF945B023FA2BE6002734F6 /* Alert.swift in Sources */ = {isa = PBXBuildFile; fileRef = CCF945AF23FA2BE6002734F6 /* Alert.swift */; };
		E111617924089FCA00865872 /* UserTableViewCell.swift in Sources */ = {isa = PBXBuildFile; fileRef = E111617824089FCA00865872 /* UserTableViewCell.swift */; };
		E12AB4BC23E23EEE00DD15D4 /* AppDelegate.swift in Sources */ = {isa = PBXBuildFile; fileRef = E12AB4BB23E23EEE00DD15D4 /* AppDelegate.swift */; };
		E12AB4BE23E23EEE00DD15D4 /* SceneDelegate.swift in Sources */ = {isa = PBXBuildFile; fileRef = E12AB4BD23E23EEE00DD15D4 /* SceneDelegate.swift */; };
		E12AB4C023E23EEE00DD15D4 /* SignInViewController.swift in Sources */ = {isa = PBXBuildFile; fileRef = E12AB4BF23E23EEE00DD15D4 /* SignInViewController.swift */; };
		E12AB4C523E23EEF00DD15D4 /* Assets.xcassets in Resources */ = {isa = PBXBuildFile; fileRef = E12AB4C423E23EEF00DD15D4 /* Assets.xcassets */; };
		E12AB4C823E23EEF00DD15D4 /* LaunchScreen.storyboard in Resources */ = {isa = PBXBuildFile; fileRef = E12AB4C623E23EEF00DD15D4 /* LaunchScreen.storyboard */; };
		E12AB4D023E2421700DD15D4 /* HomeViewController.swift in Sources */ = {isa = PBXBuildFile; fileRef = E12AB4CF23E2421700DD15D4 /* HomeViewController.swift */; };
		E12AB4D623E2487800DD15D4 /* RecipeModel.swift in Sources */ = {isa = PBXBuildFile; fileRef = E12AB4D523E2487800DD15D4 /* RecipeModel.swift */; };
		E133302923F4286C008B46FC /* SignUpViewController.swift in Sources */ = {isa = PBXBuildFile; fileRef = E133302823F4286C008B46FC /* SignUpViewController.swift */; };
		E133302B23F4359A008B46FC /* ForgetPasswordViewController.swift in Sources */ = {isa = PBXBuildFile; fileRef = E133302A23F4359A008B46FC /* ForgetPasswordViewController.swift */; };
		E138AFFA242D387500DD2816 /* RecipeInformationsTableViewCell.swift in Sources */ = {isa = PBXBuildFile; fileRef = E138AFF9242D387500DD2816 /* RecipeInformationsTableViewCell.swift */; };
		E138AFFC242D389A00DD2816 /* RecipeStepsTableViewCell.swift in Sources */ = {isa = PBXBuildFile; fileRef = E138AFFB242D389A00DD2816 /* RecipeStepsTableViewCell.swift */; };
		E15FB4D123F19FA2001FAB47 /* SplashViewController.swift in Sources */ = {isa = PBXBuildFile; fileRef = E15FB4D023F19FA2001FAB47 /* SplashViewController.swift */; };
		E18187B4241D495E00880AC7 /* RecipesDetailsView.swift in Sources */ = {isa = PBXBuildFile; fileRef = E18187B3241D495E00880AC7 /* RecipesDetailsView.swift */; };
		E18187B6241D4B9500880AC7 /* RecipesDetailsViewController.swift in Sources */ = {isa = PBXBuildFile; fileRef = E18187B5241D4B9500880AC7 /* RecipesDetailsViewController.swift */; };
		E19555DB23F2336B0001C480 /* Colors + Ext.swift in Sources */ = {isa = PBXBuildFile; fileRef = E19555DA23F2336B0001C480 /* Colors + Ext.swift */; };
		E1C49D86242BA9FF00446CDE /* StartCookingView.swift in Sources */ = {isa = PBXBuildFile; fileRef = E1C49D85242BA9FF00446CDE /* StartCookingView.swift */; };
		E1C49D89242BAA2000446CDE /* StartCookingViewController.swift in Sources */ = {isa = PBXBuildFile; fileRef = E1C49D88242BAA2000446CDE /* StartCookingViewController.swift */; };
		E1CDA91B23F36D43002BCDD8 /* UIView + Ext.swift in Sources */ = {isa = PBXBuildFile; fileRef = E1CDA91A23F36D43002BCDD8 /* UIView + Ext.swift */; };
		E1D4EC7323F4C035006E6CB4 /* GoogleService-Info.plist in Resources */ = {isa = PBXBuildFile; fileRef = E1D4EC7223F4C035006E6CB4 /* GoogleService-Info.plist */; };
		E1D4EC7523F4D6E0006E6CB4 /* UIViewController + Ext.swift in Sources */ = {isa = PBXBuildFile; fileRef = E1D4EC7423F4D6E0006E6CB4 /* UIViewController + Ext.swift */; };
		E1E12CEE241E56C0004B84F9 /* IngredientsTableViewCell.swift in Sources */ = {isa = PBXBuildFile; fileRef = E1E12CED241E56C0004B84F9 /* IngredientsTableViewCell.swift */; };
		E1E12CFE241EB866004B84F9 /* NumberOfIngredientsTableViewCell.swift in Sources */ = {isa = PBXBuildFile; fileRef = E1E12CFD241EB866004B84F9 /* NumberOfIngredientsTableViewCell.swift */; };
/* End PBXBuildFile section */

/* Begin PBXFileReference section */
		46AC84310F488B5144B5F439 /* Pods-COOKBOOK.debug.xcconfig */ = {isa = PBXFileReference; includeInIndex = 1; lastKnownFileType = text.xcconfig; name = "Pods-COOKBOOK.debug.xcconfig"; path = "Target Support Files/Pods-COOKBOOK/Pods-COOKBOOK.debug.xcconfig"; sourceTree = "<group>"; };
		7134C9C1A9803BBB2ADB35D2 /* Pods-COOKBOOK.release.xcconfig */ = {isa = PBXFileReference; includeInIndex = 1; lastKnownFileType = text.xcconfig; name = "Pods-COOKBOOK.release.xcconfig"; path = "Target Support Files/Pods-COOKBOOK/Pods-COOKBOOK.release.xcconfig"; sourceTree = "<group>"; };
		BD58E067D65A23B12CA1717C /* libPods-COOKBOOK.a */ = {isa = PBXFileReference; explicitFileType = archive.ar; includeInIndex = 0; path = "libPods-COOKBOOK.a"; sourceTree = BUILT_PRODUCTS_DIR; };
		CC039F0423FD1031002ED7F3 /* ForgetPasswordView.swift */ = {isa = PBXFileReference; lastKnownFileType = sourcecode.swift; path = ForgetPasswordView.swift; sourceTree = "<group>"; };
		CC1A390123FC1EB3000AAF3A /* SplashView.swift */ = {isa = PBXFileReference; lastKnownFileType = sourcecode.swift; path = SplashView.swift; sourceTree = "<group>"; };
		CC1A390623FC54ED000AAF3A /* SignInView.swift */ = {isa = PBXFileReference; lastKnownFileType = sourcecode.swift; path = SignInView.swift; sourceTree = "<group>"; };
		CC25A43A240087A400F67182 /* CGRect + Ext.swift */ = {isa = PBXFileReference; lastKnownFileType = sourcecode.swift; path = "CGRect + Ext.swift"; sourceTree = "<group>"; };
		CC2752E023FDA33D00BE56A5 /* HomeView.swift */ = {isa = PBXFileReference; lastKnownFileType = sourcecode.swift; path = HomeView.swift; sourceTree = "<group>"; };
		CC2A98A82410ECEC002FD8B4 /* PopularRecipesCollectionViewCell.swift */ = {isa = PBXFileReference; lastKnownFileType = sourcecode.swift; path = PopularRecipesCollectionViewCell.swift; sourceTree = "<group>"; };
		CC2A98AB2410F839002FD8B4 /* PopularRecipesTableViewCellCollectionViewCell.swift */ = {isa = PBXFileReference; lastKnownFileType = sourcecode.swift; path = PopularRecipesTableViewCellCollectionViewCell.swift; sourceTree = "<group>"; };
		CC2A98AD241111ED002FD8B4 /* RecipesModel.swift */ = {isa = PBXFileReference; lastKnownFileType = sourcecode.swift; path = RecipesModel.swift; sourceTree = "<group>"; };
		CC2BA6FA2415F3A00039B725 /* RecipesTableViewDetailsView.swift */ = {isa = PBXFileReference; lastKnownFileType = sourcecode.swift; path = RecipesTableViewDetailsView.swift; sourceTree = "<group>"; };
		CC33256D23FCF88D00F8A6F2 /* SignupView.swift */ = {isa = PBXFileReference; lastKnownFileType = sourcecode.swift; path = SignupView.swift; sourceTree = "<group>"; };
		CC410FB72406C41500F4A82D /* SideMenuTableViewController.swift */ = {isa = PBXFileReference; lastKnownFileType = sourcecode.swift; path = SideMenuTableViewController.swift; sourceTree = "<group>"; };
		CC410FBA2406C44500F4A82D /* SideMenuTableViewCell.swift */ = {isa = PBXFileReference; lastKnownFileType = sourcecode.swift; path = SideMenuTableViewCell.swift; sourceTree = "<group>"; };
		CC74E77E23FF6B4E000625DF /* ActivityIndicator.swift */ = {isa = PBXFileReference; lastKnownFileType = sourcecode.swift; path = ActivityIndicator.swift; sourceTree = "<group>"; };
		CCA170482402A96A008126C1 /* HomeTableViewCell.swift */ = {isa = PBXFileReference; lastKnownFileType = sourcecode.swift; path = HomeTableViewCell.swift; sourceTree = "<group>"; };
		CCE19A3A2415FED50089F2CA /* RecipesTableViewDetails.swift */ = {isa = PBXFileReference; lastKnownFileType = sourcecode.swift; path = RecipesTableViewDetails.swift; sourceTree = "<group>"; };
		CCE8FC87240C7CD500005405 /* CategoriesCollectionViewCell.swift */ = {isa = PBXFileReference; lastKnownFileType = sourcecode.swift; path = CategoriesCollectionViewCell.swift; sourceTree = "<group>"; };
		CCF279E1240B186700EFEADE /* CategoriesTableViewCellCollectionViewCell.swift */ = {isa = PBXFileReference; lastKnownFileType = sourcecode.swift; path = CategoriesTableViewCellCollectionViewCell.swift; sourceTree = "<group>"; };
		CCF790042401BE6C006FC3A6 /* ImageView + Ext.swift */ = {isa = PBXFileReference; lastKnownFileType = sourcecode.swift; path = "ImageView + Ext.swift"; sourceTree = "<group>"; };
		CCF945AF23FA2BE6002734F6 /* Alert.swift */ = {isa = PBXFileReference; lastKnownFileType = sourcecode.swift; path = Alert.swift; sourceTree = "<group>"; };
		E111617824089FCA00865872 /* UserTableViewCell.swift */ = {isa = PBXFileReference; lastKnownFileType = sourcecode.swift; path = UserTableViewCell.swift; sourceTree = "<group>"; };
		E12AB4B823E23EEE00DD15D4 /* COOKBOOK.app */ = {isa = PBXFileReference; explicitFileType = wrapper.application; includeInIndex = 0; path = COOKBOOK.app; sourceTree = BUILT_PRODUCTS_DIR; };
		E12AB4BB23E23EEE00DD15D4 /* AppDelegate.swift */ = {isa = PBXFileReference; lastKnownFileType = sourcecode.swift; path = AppDelegate.swift; sourceTree = "<group>"; };
		E12AB4BD23E23EEE00DD15D4 /* SceneDelegate.swift */ = {isa = PBXFileReference; lastKnownFileType = sourcecode.swift; path = SceneDelegate.swift; sourceTree = "<group>"; };
		E12AB4BF23E23EEE00DD15D4 /* SignInViewController.swift */ = {isa = PBXFileReference; lastKnownFileType = sourcecode.swift; path = SignInViewController.swift; sourceTree = "<group>"; };
		E12AB4C423E23EEF00DD15D4 /* Assets.xcassets */ = {isa = PBXFileReference; lastKnownFileType = folder.assetcatalog; path = Assets.xcassets; sourceTree = "<group>"; };
		E12AB4C723E23EEF00DD15D4 /* Base */ = {isa = PBXFileReference; lastKnownFileType = file.storyboard; name = Base; path = Base.lproj/LaunchScreen.storyboard; sourceTree = "<group>"; };
		E12AB4C923E23EEF00DD15D4 /* Info.plist */ = {isa = PBXFileReference; lastKnownFileType = text.plist.xml; path = Info.plist; sourceTree = "<group>"; };
		E12AB4CF23E2421700DD15D4 /* HomeViewController.swift */ = {isa = PBXFileReference; lastKnownFileType = sourcecode.swift; path = HomeViewController.swift; sourceTree = "<group>"; };
		E12AB4D523E2487800DD15D4 /* RecipeModel.swift */ = {isa = PBXFileReference; lastKnownFileType = sourcecode.swift; path = RecipeModel.swift; sourceTree = "<group>"; };
		E133302823F4286C008B46FC /* SignUpViewController.swift */ = {isa = PBXFileReference; lastKnownFileType = sourcecode.swift; path = SignUpViewController.swift; sourceTree = "<group>"; };
		E133302A23F4359A008B46FC /* ForgetPasswordViewController.swift */ = {isa = PBXFileReference; lastKnownFileType = sourcecode.swift; path = ForgetPasswordViewController.swift; sourceTree = "<group>"; };
		E138AFF9242D387500DD2816 /* RecipeInformationsTableViewCell.swift */ = {isa = PBXFileReference; lastKnownFileType = sourcecode.swift; path = RecipeInformationsTableViewCell.swift; sourceTree = "<group>"; };
		E138AFFB242D389A00DD2816 /* RecipeStepsTableViewCell.swift */ = {isa = PBXFileReference; lastKnownFileType = sourcecode.swift; path = RecipeStepsTableViewCell.swift; sourceTree = "<group>"; };
		E15FB4D023F19FA2001FAB47 /* SplashViewController.swift */ = {isa = PBXFileReference; lastKnownFileType = sourcecode.swift; path = SplashViewController.swift; sourceTree = "<group>"; };
		E18187B3241D495E00880AC7 /* RecipesDetailsView.swift */ = {isa = PBXFileReference; lastKnownFileType = sourcecode.swift; path = RecipesDetailsView.swift; sourceTree = "<group>"; };
		E18187B5241D4B9500880AC7 /* RecipesDetailsViewController.swift */ = {isa = PBXFileReference; lastKnownFileType = sourcecode.swift; path = RecipesDetailsViewController.swift; sourceTree = "<group>"; };
		E19555DA23F2336B0001C480 /* Colors + Ext.swift */ = {isa = PBXFileReference; lastKnownFileType = sourcecode.swift; path = "Colors + Ext.swift"; sourceTree = "<group>"; };
		E1C49D85242BA9FF00446CDE /* StartCookingView.swift */ = {isa = PBXFileReference; lastKnownFileType = sourcecode.swift; path = StartCookingView.swift; sourceTree = "<group>"; };
		E1C49D88242BAA2000446CDE /* StartCookingViewController.swift */ = {isa = PBXFileReference; lastKnownFileType = sourcecode.swift; path = StartCookingViewController.swift; sourceTree = "<group>"; };
		E1CDA91A23F36D43002BCDD8 /* UIView + Ext.swift */ = {isa = PBXFileReference; lastKnownFileType = sourcecode.swift; path = "UIView + Ext.swift"; sourceTree = "<group>"; };
		E1D4EC7223F4C035006E6CB4 /* GoogleService-Info.plist */ = {isa = PBXFileReference; fileEncoding = 4; lastKnownFileType = text.plist.xml; path = "GoogleService-Info.plist"; sourceTree = "<group>"; };
		E1D4EC7423F4D6E0006E6CB4 /* UIViewController + Ext.swift */ = {isa = PBXFileReference; lastKnownFileType = sourcecode.swift; path = "UIViewController + Ext.swift"; sourceTree = "<group>"; };
		E1E12CED241E56C0004B84F9 /* IngredientsTableViewCell.swift */ = {isa = PBXFileReference; lastKnownFileType = sourcecode.swift; path = IngredientsTableViewCell.swift; sourceTree = "<group>"; };
		E1E12CFD241EB866004B84F9 /* NumberOfIngredientsTableViewCell.swift */ = {isa = PBXFileReference; lastKnownFileType = sourcecode.swift; path = NumberOfIngredientsTableViewCell.swift; sourceTree = "<group>"; };
/* End PBXFileReference section */

/* Begin PBXFrameworksBuildPhase section */
		E12AB4B523E23EEE00DD15D4 /* Frameworks */ = {
			isa = PBXFrameworksBuildPhase;
			buildActionMask = 2147483647;
			files = (
				B3F18CDBBCAC5A1034587BFC /* libPods-COOKBOOK.a in Frameworks */,
			);
			runOnlyForDeploymentPostprocessing = 0;
		};
/* End PBXFrameworksBuildPhase section */

/* Begin PBXGroup section */
		374F2A6BBA0F0CEF2EB43E68 /* Frameworks */ = {
			isa = PBXGroup;
			children = (
				BD58E067D65A23B12CA1717C /* libPods-COOKBOOK.a */,
			);
			name = Frameworks;
			sourceTree = "<group>";
		};
		7A0A1F2EFE3B42CEC9F65F36 /* Pods */ = {
			isa = PBXGroup;
			children = (
				46AC84310F488B5144B5F439 /* Pods-COOKBOOK.debug.xcconfig */,
				7134C9C1A9803BBB2ADB35D2 /* Pods-COOKBOOK.release.xcconfig */,
			);
			path = Pods;
			sourceTree = "<group>";
		};
		CC039F0223FD1004002ED7F3 /* ForgetPassword */ = {
			isa = PBXGroup;
			children = (
				CC039F0423FD1031002ED7F3 /* ForgetPasswordView.swift */,
			);
			path = ForgetPassword;
			sourceTree = "<group>";
		};
		CC039F0323FD101C002ED7F3 /* ForgetPassword */ = {
			isa = PBXGroup;
			children = (
				E133302A23F4359A008B46FC /* ForgetPasswordViewController.swift */,
			);
			path = ForgetPassword;
			sourceTree = "<group>";
		};
		CC1A390323FC50A1000AAF3A /* Application */ = {
			isa = PBXGroup;
			children = (
				E12AB4BB23E23EEE00DD15D4 /* AppDelegate.swift */,
				E12AB4BD23E23EEE00DD15D4 /* SceneDelegate.swift */,
			);
			path = Application;
			sourceTree = "<group>";
		};
		CC1A390423FC50E9000AAF3A /* Assets */ = {
			isa = PBXGroup;
			children = (
				E12AB4C423E23EEF00DD15D4 /* Assets.xcassets */,
				E12AB4C623E23EEF00DD15D4 /* LaunchScreen.storyboard */,
			);
			path = Assets;
			sourceTree = "<group>";
		};
		CC1A390523FC5217000AAF3A /* Others */ = {
			isa = PBXGroup;
			children = (
				E12AB4C923E23EEF00DD15D4 /* Info.plist */,
				E1D4EC7223F4C035006E6CB4 /* GoogleService-Info.plist */,
			);
			path = Others;
			sourceTree = "<group>";
		};
		CC2A98A72410ECAF002FD8B4 /* PopularRecipesCollectionViewCell */ = {
			isa = PBXGroup;
			children = (
				CC2A98A82410ECEC002FD8B4 /* PopularRecipesCollectionViewCell.swift */,
			);
			path = PopularRecipesCollectionViewCell;
			sourceTree = "<group>";
		};
		CC2A98AA2410F7B5002FD8B4 /* PopularRecipesCollectionView */ = {
			isa = PBXGroup;
			children = (
				CC2A98AB2410F839002FD8B4 /* PopularRecipesTableViewCellCollectionViewCell.swift */,
				CC2A98A72410ECAF002FD8B4 /* PopularRecipesCollectionViewCell */,
			);
			path = PopularRecipesCollectionView;
			sourceTree = "<group>";
		};
		CC2BA6F92415F33A0039B725 /* RecipesTableViewDetails */ = {
			isa = PBXGroup;
			children = (
				CC2BA6FA2415F3A00039B725 /* RecipesTableViewDetailsView.swift */,
			);
			path = RecipesTableViewDetails;
			sourceTree = "<group>";
		};
		CC2C566E24109CBD0011FF5D /* CategoriesCollectionView */ = {
			isa = PBXGroup;
			children = (
				CCF279E1240B186700EFEADE /* CategoriesTableViewCellCollectionViewCell.swift */,
				CC2C567024109D200011FF5D /* CategoriesCollectionViewCell */,
			);
			path = CategoriesCollectionView;
			sourceTree = "<group>";
		};
		CC2C566F24109CE10011FF5D /* HomeTableView */ = {
			isa = PBXGroup;
			children = (
				CC2752E023FDA33D00BE56A5 /* HomeView.swift */,
				CCA170472402A940008126C1 /* HomeTableCell */,
			);
			path = HomeTableView;
			sourceTree = "<group>";
		};
		CC2C567024109D200011FF5D /* CategoriesCollectionViewCell */ = {
			isa = PBXGroup;
			children = (
				CCE8FC87240C7CD500005405 /* CategoriesCollectionViewCell.swift */,
			);
			path = CategoriesCollectionViewCell;
			sourceTree = "<group>";
		};
		CC33256F23FCF8DE00F8A6F2 /* Splash */ = {
			isa = PBXGroup;
			children = (
				E15FB4D023F19FA2001FAB47 /* SplashViewController.swift */,
			);
			path = Splash;
			sourceTree = "<group>";
		};
		CC33257023FCF8E900F8A6F2 /* SignIn */ = {
			isa = PBXGroup;
			children = (
				E12AB4BF23E23EEE00DD15D4 /* SignInViewController.swift */,
			);
			path = SignIn;
			sourceTree = "<group>";
		};
		CC33257123FCF8F900F8A6F2 /* SingUp */ = {
			isa = PBXGroup;
			children = (
				E133302823F4286C008B46FC /* SignUpViewController.swift */,
			);
			path = SingUp;
			sourceTree = "<group>";
		};
		CC33257223FCF90B00F8A6F2 /* Splash */ = {
			isa = PBXGroup;
			children = (
				CC1A390123FC1EB3000AAF3A /* SplashView.swift */,
			);
			path = Splash;
			sourceTree = "<group>";
		};
		CC33257323FCF91800F8A6F2 /* SignIn */ = {
			isa = PBXGroup;
			children = (
				CC1A390623FC54ED000AAF3A /* SignInView.swift */,
			);
			path = SignIn;
			sourceTree = "<group>";
		};
		CC33257423FCF92400F8A6F2 /* SignUp */ = {
			isa = PBXGroup;
			children = (
				CC33256D23FCF88D00F8A6F2 /* SignupView.swift */,
			);
			path = SignUp;
			sourceTree = "<group>";
		};
		CC410FB62406C35400F4A82D /* SideMenu */ = {
			isa = PBXGroup;
			children = (
				CC410FB72406C41500F4A82D /* SideMenuTableViewController.swift */,
				CC410FB92406C42C00F4A82D /* TableViewCell */,
			);
			path = SideMenu;
			sourceTree = "<group>";
		};
		CC410FB92406C42C00F4A82D /* TableViewCell */ = {
			isa = PBXGroup;
			children = (
				E111617824089FCA00865872 /* UserTableViewCell.swift */,
				CC410FBA2406C44500F4A82D /* SideMenuTableViewCell.swift */,
			);
			path = TableViewCell;
			sourceTree = "<group>";
		};
		CC74E77D23FF6B33000625DF /* ActivityIndicator */ = {
			isa = PBXGroup;
			children = (
				CC74E77E23FF6B4E000625DF /* ActivityIndicator.swift */,
			);
			path = ActivityIndicator;
			sourceTree = "<group>";
		};
		CCA170462402A926008126C1 /* HomeView */ = {
			isa = PBXGroup;
			children = (
				CC2C566F24109CE10011FF5D /* HomeTableView */,
				CC2C566E24109CBD0011FF5D /* CategoriesCollectionView */,
				CC2A98AA2410F7B5002FD8B4 /* PopularRecipesCollectionView */,
			);
			path = HomeView;
			sourceTree = "<group>";
		};
		CCA170472402A940008126C1 /* HomeTableCell */ = {
			isa = PBXGroup;
			children = (
				CCA170482402A96A008126C1 /* HomeTableViewCell.swift */,
			);
			path = HomeTableCell;
			sourceTree = "<group>";
		};
		CCE19A392415FE9D0089F2CA /* RecipesTableViewDetails */ = {
			isa = PBXGroup;
			children = (
				CCE19A3A2415FED50089F2CA /* RecipesTableViewDetails.swift */,
			);
			path = RecipesTableViewDetails;
			sourceTree = "<group>";
		};
		CCF9CB062402A60800567724 /* Home */ = {
			isa = PBXGroup;
			children = (
				E12AB4CF23E2421700DD15D4 /* HomeViewController.swift */,
			);
			path = Home;
			sourceTree = "<group>";
		};
		CCF9CB072402A61A00567724 /* Home */ = {
			isa = PBXGroup;
			children = (
				CCA170462402A926008126C1 /* HomeView */,
			);
			path = Home;
			sourceTree = "<group>";
		};
		E12AB4AF23E23EEE00DD15D4 = {
			isa = PBXGroup;
			children = (
				E12AB4BA23E23EEE00DD15D4 /* COOKBOOK */,
				E12AB4B923E23EEE00DD15D4 /* Products */,
				7A0A1F2EFE3B42CEC9F65F36 /* Pods */,
				374F2A6BBA0F0CEF2EB43E68 /* Frameworks */,
			);
			sourceTree = "<group>";
		};
		E12AB4B923E23EEE00DD15D4 /* Products */ = {
			isa = PBXGroup;
			children = (
				E12AB4B823E23EEE00DD15D4 /* COOKBOOK.app */,
			);
			name = Products;
			sourceTree = "<group>";
		};
		E12AB4BA23E23EEE00DD15D4 /* COOKBOOK */ = {
			isa = PBXGroup;
			children = (
				CC1A390323FC50A1000AAF3A /* Application */,
				E19555D923F233530001C480 /* Helpers */,
				E1FAAC8423F16B2A000B0A3E /* Models */,
				E1FAAC8623F16B48000B0A3E /* Views */,
				E1FAAC8523F16B35000B0A3E /* Controllers */,
				CC1A390423FC50E9000AAF3A /* Assets */,
				CC1A390523FC5217000AAF3A /* Others */,
			);
			path = COOKBOOK;
			sourceTree = "<group>";
		};
		E138AFF8242D384900DD2816 /* TableViewCells */ = {
			isa = PBXGroup;
			children = (
				E138AFF9242D387500DD2816 /* RecipeInformationsTableViewCell.swift */,
				E138AFFB242D389A00DD2816 /* RecipeStepsTableViewCell.swift */,
			);
			path = TableViewCells;
			sourceTree = "<group>";
		};
		E147ADC423F5CA96004D1074 /* CustomClasses */ = {
			isa = PBXGroup;
			children = (
				CC74E77D23FF6B33000625DF /* ActivityIndicator */,
				E147ADC523F5CAA0004D1074 /* Alert */,
			);
			path = CustomClasses;
			sourceTree = "<group>";
		};
		E147ADC523F5CAA0004D1074 /* Alert */ = {
			isa = PBXGroup;
			children = (
				CCF945AF23FA2BE6002734F6 /* Alert.swift */,
			);
			path = Alert;
			sourceTree = "<group>";
		};
		E175DC8B242039C900CC9FFA /* TableViewCells */ = {
			isa = PBXGroup;
			children = (
				E1E12CED241E56C0004B84F9 /* IngredientsTableViewCell.swift */,
				E1E12CFD241EB866004B84F9 /* NumberOfIngredientsTableViewCell.swift */,
			);
			path = TableViewCells;
			sourceTree = "<group>";
		};
		E18187B1241D492E00880AC7 /* RecipesDetails */ = {
			isa = PBXGroup;
			children = (
				E18187B5241D4B9500880AC7 /* RecipesDetailsViewController.swift */,
			);
			path = RecipesDetails;
			sourceTree = "<group>";
		};
		E18187B2241D494A00880AC7 /* RecipesDetails */ = {
			isa = PBXGroup;
			children = (
				E18187B3241D495E00880AC7 /* RecipesDetailsView.swift */,
				E175DC8B242039C900CC9FFA /* TableViewCells */,
			);
			path = RecipesDetails;
			sourceTree = "<group>";
		};
		E19555D923F233530001C480 /* Helpers */ = {
			isa = PBXGroup;
			children = (
				E147ADC423F5CA96004D1074 /* CustomClasses */,
				E1D1EC0923F4E83000A7FFCF /* Extensions */,
			);
			path = Helpers;
			sourceTree = "<group>";
		};
		E1C49D84242BA9DE00446CDE /* StartCooking */ = {
			isa = PBXGroup;
			children = (
				E1C49D85242BA9FF00446CDE /* StartCookingView.swift */,
				E138AFF8242D384900DD2816 /* TableViewCells */,
			);
			path = StartCooking;
			sourceTree = "<group>";
		};
		E1C49D87242BAA0300446CDE /* StartCooking */ = {
			isa = PBXGroup;
			children = (
				E1C49D88242BAA2000446CDE /* StartCookingViewController.swift */,
			);
			path = StartCooking;
			sourceTree = "<group>";
		};
		E1D1EC0923F4E83000A7FFCF /* Extensions */ = {
			isa = PBXGroup;
			children = (
				E19555DA23F2336B0001C480 /* Colors + Ext.swift */,
				E1CDA91A23F36D43002BCDD8 /* UIView + Ext.swift */,
				E1D4EC7423F4D6E0006E6CB4 /* UIViewController + Ext.swift */,
				CC25A43A240087A400F67182 /* CGRect + Ext.swift */,
				CCF790042401BE6C006FC3A6 /* ImageView + Ext.swift */,
			);
			path = Extensions;
			sourceTree = "<group>";
		};
		E1FAAC8423F16B2A000B0A3E /* Models */ = {
			isa = PBXGroup;
			children = (
				E12AB4D523E2487800DD15D4 /* RecipeModel.swift */,
				CC2A98AD241111ED002FD8B4 /* RecipesModel.swift */,
			);
			path = Models;
			sourceTree = "<group>";
		};
		E1FAAC8523F16B35000B0A3E /* Controllers */ = {
			isa = PBXGroup;
			children = (
				CC33256F23FCF8DE00F8A6F2 /* Splash */,
				CC33257023FCF8E900F8A6F2 /* SignIn */,
				CC33257123FCF8F900F8A6F2 /* SingUp */,
				CC039F0323FD101C002ED7F3 /* ForgetPassword */,
				CCF9CB062402A60800567724 /* Home */,
				CCE19A392415FE9D0089F2CA /* RecipesTableViewDetails */,
				E18187B1241D492E00880AC7 /* RecipesDetails */,
				E1C49D87242BAA0300446CDE /* StartCooking */,
			);
			path = Controllers;
			sourceTree = "<group>";
		};
		E1FAAC8623F16B48000B0A3E /* Views */ = {
			isa = PBXGroup;
			children = (
				CC410FB62406C35400F4A82D /* SideMenu */,
				CC33257223FCF90B00F8A6F2 /* Splash */,
				CC33257323FCF91800F8A6F2 /* SignIn */,
				CC33257423FCF92400F8A6F2 /* SignUp */,
				CC039F0223FD1004002ED7F3 /* ForgetPassword */,
				CCF9CB072402A61A00567724 /* Home */,
				CC2BA6F92415F33A0039B725 /* RecipesTableViewDetails */,
				E18187B2241D494A00880AC7 /* RecipesDetails */,
				E1C49D84242BA9DE00446CDE /* StartCooking */,
			);
			path = Views;
			sourceTree = "<group>";
		};
/* End PBXGroup section */

/* Begin PBXNativeTarget section */
		E12AB4B723E23EEE00DD15D4 /* COOKBOOK */ = {
			isa = PBXNativeTarget;
			buildConfigurationList = E12AB4CC23E23EEF00DD15D4 /* Build configuration list for PBXNativeTarget "COOKBOOK" */;
			buildPhases = (
				C54DE9C91E5C049FE54896B9 /* [CP] Check Pods Manifest.lock */,
				E12AB4B423E23EEE00DD15D4 /* Sources */,
				E12AB4B523E23EEE00DD15D4 /* Frameworks */,
				E12AB4B623E23EEE00DD15D4 /* Resources */,
				33605DC06EF74BC1D64903FC /* [CP] Copy Pods Resources */,
			);
			buildRules = (
			);
			dependencies = (
			);
			name = COOKBOOK;
			productName = COOKBOOK;
			productReference = E12AB4B823E23EEE00DD15D4 /* COOKBOOK.app */;
			productType = "com.apple.product-type.application";
		};
/* End PBXNativeTarget section */

/* Begin PBXProject section */
		E12AB4B023E23EEE00DD15D4 /* Project object */ = {
			isa = PBXProject;
			attributes = {
				LastSwiftUpdateCheck = 1130;
				LastUpgradeCheck = 1130;
				ORGANIZATIONNAME = "Ahmed Abd Elaziz";
				TargetAttributes = {
					E12AB4B723E23EEE00DD15D4 = {
						CreatedOnToolsVersion = 11.3;
					};
				};
			};
			buildConfigurationList = E12AB4B323E23EEE00DD15D4 /* Build configuration list for PBXProject "COOKBOOK" */;
			compatibilityVersion = "Xcode 9.3";
			developmentRegion = en;
			hasScannedForEncodings = 0;
			knownRegions = (
				en,
				Base,
				ar,
			);
			mainGroup = E12AB4AF23E23EEE00DD15D4;
			productRefGroup = E12AB4B923E23EEE00DD15D4 /* Products */;
			projectDirPath = "";
			projectRoot = "";
			targets = (
				E12AB4B723E23EEE00DD15D4 /* COOKBOOK */,
			);
		};
/* End PBXProject section */

/* Begin PBXResourcesBuildPhase section */
		E12AB4B623E23EEE00DD15D4 /* Resources */ = {
			isa = PBXResourcesBuildPhase;
			buildActionMask = 2147483647;
			files = (
				E12AB4C823E23EEF00DD15D4 /* LaunchScreen.storyboard in Resources */,
				E12AB4C523E23EEF00DD15D4 /* Assets.xcassets in Resources */,
				E1D4EC7323F4C035006E6CB4 /* GoogleService-Info.plist in Resources */,
			);
			runOnlyForDeploymentPostprocessing = 0;
		};
/* End PBXResourcesBuildPhase section */

/* Begin PBXShellScriptBuildPhase section */
		33605DC06EF74BC1D64903FC /* [CP] Copy Pods Resources */ = {
			isa = PBXShellScriptBuildPhase;
			buildActionMask = 2147483647;
			files = (
			);
			inputFileListPaths = (
				"${PODS_ROOT}/Target Support Files/Pods-COOKBOOK/Pods-COOKBOOK-resources-${CONFIGURATION}-input-files.xcfilelist",
			);
			name = "[CP] Copy Pods Resources";
			outputFileListPaths = (
				"${PODS_ROOT}/Target Support Files/Pods-COOKBOOK/Pods-COOKBOOK-resources-${CONFIGURATION}-output-files.xcfilelist",
			);
			runOnlyForDeploymentPostprocessing = 0;
			shellPath = /bin/sh;
			shellScript = "\"${PODS_ROOT}/Target Support Files/Pods-COOKBOOK/Pods-COOKBOOK-resources.sh\"\n";
			showEnvVarsInLog = 0;
		};
		C54DE9C91E5C049FE54896B9 /* [CP] Check Pods Manifest.lock */ = {
			isa = PBXShellScriptBuildPhase;
			buildActionMask = 2147483647;
			files = (
			);
			inputFileListPaths = (
			);
			inputPaths = (
				"${PODS_PODFILE_DIR_PATH}/Podfile.lock",
				"${PODS_ROOT}/Manifest.lock",
			);
			name = "[CP] Check Pods Manifest.lock";
			outputFileListPaths = (
			);
			outputPaths = (
				"$(DERIVED_FILE_DIR)/Pods-COOKBOOK-checkManifestLockResult.txt",
			);
			runOnlyForDeploymentPostprocessing = 0;
			shellPath = /bin/sh;
			shellScript = "diff \"${PODS_PODFILE_DIR_PATH}/Podfile.lock\" \"${PODS_ROOT}/Manifest.lock\" > /dev/null\nif [ $? != 0 ] ; then\n    # print error to STDERR\n    echo \"error: The sandbox is not in sync with the Podfile.lock. Run 'pod install' or update your CocoaPods installation.\" >&2\n    exit 1\nfi\n# This output is used by Xcode 'outputs' to avoid re-running this script phase.\necho \"SUCCESS\" > \"${SCRIPT_OUTPUT_FILE_0}\"\n";
			showEnvVarsInLog = 0;
		};
/* End PBXShellScriptBuildPhase section */

/* Begin PBXSourcesBuildPhase section */
		E12AB4B423E23EEE00DD15D4 /* Sources */ = {
			isa = PBXSourcesBuildPhase;
			buildActionMask = 2147483647;
			files = (
				E18187B6241D4B9500880AC7 /* RecipesDetailsViewController.swift in Sources */,
				E1E12CFE241EB866004B84F9 /* NumberOfIngredientsTableViewCell.swift in Sources */,
				E133302923F4286C008B46FC /* SignUpViewController.swift in Sources */,
				CC2A98A92410ECEC002FD8B4 /* PopularRecipesCollectionViewCell.swift in Sources */,
				E138AFFA242D387500DD2816 /* RecipeInformationsTableViewCell.swift in Sources */,
				E12AB4D023E2421700DD15D4 /* HomeViewController.swift in Sources */,
				E12AB4C023E23EEE00DD15D4 /* SignInViewController.swift in Sources */,
				E1CDA91B23F36D43002BCDD8 /* UIView + Ext.swift in Sources */,
				CCF279E2240B186700EFEADE /* CategoriesTableViewCellCollectionViewCell.swift in Sources */,
				E111617924089FCA00865872 /* UserTableViewCell.swift in Sources */,
				E1D4EC7523F4D6E0006E6CB4 /* UIViewController + Ext.swift in Sources */,
				CC2752E123FDA33D00BE56A5 /* HomeView.swift in Sources */,
				CC2A98AE241111ED002FD8B4 /* RecipesModel.swift in Sources */,
				E1C49D86242BA9FF00446CDE /* StartCookingView.swift in Sources */,
				E138AFFC242D389A00DD2816 /* RecipeStepsTableViewCell.swift in Sources */,
				CCE8FC88240C7CD500005405 /* CategoriesCollectionViewCell.swift in Sources */,
				E12AB4BC23E23EEE00DD15D4 /* AppDelegate.swift in Sources */,
				CC410FBB2406C44500F4A82D /* SideMenuTableViewCell.swift in Sources */,
				CCF945B023FA2BE6002734F6 /* Alert.swift in Sources */,
				E19555DB23F2336B0001C480 /* Colors + Ext.swift in Sources */,
				CCA170492402A96A008126C1 /* HomeTableViewCell.swift in Sources */,
				CC2BA6FB2415F3A00039B725 /* RecipesTableViewDetailsView.swift in Sources */,
				CC25A43B240087A400F67182 /* CGRect + Ext.swift in Sources */,
				CCE19A3B2415FED50089F2CA /* RecipesTableViewDetails.swift in Sources */,
				CC039F0523FD1031002ED7F3 /* ForgetPasswordView.swift in Sources */,
				CC1A390723FC54ED000AAF3A /* SignInView.swift in Sources */,
				E1C49D89242BAA2000446CDE /* StartCookingViewController.swift in Sources */,
				CC33256E23FCF88D00F8A6F2 /* SignupView.swift in Sources */,
				E12AB4BE23E23EEE00DD15D4 /* SceneDelegate.swift in Sources */,
				CCF790052401BE6C006FC3A6 /* ImageView + Ext.swift in Sources */,
				E12AB4D623E2487800DD15D4 /* RecipeModel.swift in Sources */,
				CC2A98AC2410F839002FD8B4 /* PopularRecipesTableViewCellCollectionViewCell.swift in Sources */,
				E15FB4D123F19FA2001FAB47 /* SplashViewController.swift in Sources */,
				E133302B23F4359A008B46FC /* ForgetPasswordViewController.swift in Sources */,
				CC74E77F23FF6B4E000625DF /* ActivityIndicator.swift in Sources */,
				CC1A390223FC1EB3000AAF3A /* SplashView.swift in Sources */,
				CC410FB82406C41500F4A82D /* SideMenuTableViewController.swift in Sources */,
				E1E12CEE241E56C0004B84F9 /* IngredientsTableViewCell.swift in Sources */,
				E18187B4241D495E00880AC7 /* RecipesDetailsView.swift in Sources */,
			);
			runOnlyForDeploymentPostprocessing = 0;
		};
/* End PBXSourcesBuildPhase section */

/* Begin PBXVariantGroup section */
		E12AB4C623E23EEF00DD15D4 /* LaunchScreen.storyboard */ = {
			isa = PBXVariantGroup;
			children = (
				E12AB4C723E23EEF00DD15D4 /* Base */,
			);
			name = LaunchScreen.storyboard;
			sourceTree = "<group>";
		};
/* End PBXVariantGroup section */

/* Begin XCBuildConfiguration section */
		E12AB4CA23E23EEF00DD15D4 /* Debug */ = {
			isa = XCBuildConfiguration;
			buildSettings = {
				ALWAYS_SEARCH_USER_PATHS = NO;
				CLANG_ANALYZER_NONNULL = YES;
				CLANG_ANALYZER_NUMBER_OBJECT_CONVERSION = YES_AGGRESSIVE;
				CLANG_CXX_LANGUAGE_STANDARD = "gnu++14";
				CLANG_CXX_LIBRARY = "libc++";
				CLANG_ENABLE_MODULES = YES;
				CLANG_ENABLE_OBJC_ARC = YES;
				CLANG_ENABLE_OBJC_WEAK = YES;
				CLANG_WARN_BLOCK_CAPTURE_AUTORELEASING = YES;
				CLANG_WARN_BOOL_CONVERSION = YES;
				CLANG_WARN_COMMA = YES;
				CLANG_WARN_CONSTANT_CONVERSION = YES;
				CLANG_WARN_DEPRECATED_OBJC_IMPLEMENTATIONS = YES;
				CLANG_WARN_DIRECT_OBJC_ISA_USAGE = YES_ERROR;
				CLANG_WARN_DOCUMENTATION_COMMENTS = YES;
				CLANG_WARN_EMPTY_BODY = YES;
				CLANG_WARN_ENUM_CONVERSION = YES;
				CLANG_WARN_INFINITE_RECURSION = YES;
				CLANG_WARN_INT_CONVERSION = YES;
				CLANG_WARN_NON_LITERAL_NULL_CONVERSION = YES;
				CLANG_WARN_OBJC_IMPLICIT_RETAIN_SELF = YES;
				CLANG_WARN_OBJC_LITERAL_CONVERSION = YES;
				CLANG_WARN_OBJC_ROOT_CLASS = YES_ERROR;
				CLANG_WARN_RANGE_LOOP_ANALYSIS = YES;
				CLANG_WARN_STRICT_PROTOTYPES = YES;
				CLANG_WARN_SUSPICIOUS_MOVE = YES;
				CLANG_WARN_UNGUARDED_AVAILABILITY = YES_AGGRESSIVE;
				CLANG_WARN_UNREACHABLE_CODE = YES;
				CLANG_WARN__DUPLICATE_METHOD_MATCH = YES;
				COPY_PHASE_STRIP = NO;
				DEBUG_INFORMATION_FORMAT = dwarf;
				ENABLE_STRICT_OBJC_MSGSEND = YES;
				ENABLE_TESTABILITY = YES;
				GCC_C_LANGUAGE_STANDARD = gnu11;
				GCC_DYNAMIC_NO_PIC = NO;
				GCC_NO_COMMON_BLOCKS = YES;
				GCC_OPTIMIZATION_LEVEL = 0;
				GCC_PREPROCESSOR_DEFINITIONS = (
					"DEBUG=1",
					"$(inherited)",
				);
				GCC_WARN_64_TO_32_BIT_CONVERSION = YES;
				GCC_WARN_ABOUT_RETURN_TYPE = YES_ERROR;
				GCC_WARN_UNDECLARED_SELECTOR = YES;
				GCC_WARN_UNINITIALIZED_AUTOS = YES_AGGRESSIVE;
				GCC_WARN_UNUSED_FUNCTION = YES;
				GCC_WARN_UNUSED_VARIABLE = YES;
				IPHONEOS_DEPLOYMENT_TARGET = 13.2;
				MTL_ENABLE_DEBUG_INFO = INCLUDE_SOURCE;
				MTL_FAST_MATH = YES;
				ONLY_ACTIVE_ARCH = YES;
				SDKROOT = iphoneos;
				SWIFT_ACTIVE_COMPILATION_CONDITIONS = DEBUG;
				SWIFT_OPTIMIZATION_LEVEL = "-Onone";
			};
			name = Debug;
		};
		E12AB4CB23E23EEF00DD15D4 /* Release */ = {
			isa = XCBuildConfiguration;
			buildSettings = {
				ALWAYS_SEARCH_USER_PATHS = NO;
				CLANG_ANALYZER_NONNULL = YES;
				CLANG_ANALYZER_NUMBER_OBJECT_CONVERSION = YES_AGGRESSIVE;
				CLANG_CXX_LANGUAGE_STANDARD = "gnu++14";
				CLANG_CXX_LIBRARY = "libc++";
				CLANG_ENABLE_MODULES = YES;
				CLANG_ENABLE_OBJC_ARC = YES;
				CLANG_ENABLE_OBJC_WEAK = YES;
				CLANG_WARN_BLOCK_CAPTURE_AUTORELEASING = YES;
				CLANG_WARN_BOOL_CONVERSION = YES;
				CLANG_WARN_COMMA = YES;
				CLANG_WARN_CONSTANT_CONVERSION = YES;
				CLANG_WARN_DEPRECATED_OBJC_IMPLEMENTATIONS = YES;
				CLANG_WARN_DIRECT_OBJC_ISA_USAGE = YES_ERROR;
				CLANG_WARN_DOCUMENTATION_COMMENTS = YES;
				CLANG_WARN_EMPTY_BODY = YES;
				CLANG_WARN_ENUM_CONVERSION = YES;
				CLANG_WARN_INFINITE_RECURSION = YES;
				CLANG_WARN_INT_CONVERSION = YES;
				CLANG_WARN_NON_LITERAL_NULL_CONVERSION = YES;
				CLANG_WARN_OBJC_IMPLICIT_RETAIN_SELF = YES;
				CLANG_WARN_OBJC_LITERAL_CONVERSION = YES;
				CLANG_WARN_OBJC_ROOT_CLASS = YES_ERROR;
				CLANG_WARN_RANGE_LOOP_ANALYSIS = YES;
				CLANG_WARN_STRICT_PROTOTYPES = YES;
				CLANG_WARN_SUSPICIOUS_MOVE = YES;
				CLANG_WARN_UNGUARDED_AVAILABILITY = YES_AGGRESSIVE;
				CLANG_WARN_UNREACHABLE_CODE = YES;
				CLANG_WARN__DUPLICATE_METHOD_MATCH = YES;
				COPY_PHASE_STRIP = NO;
				DEBUG_INFORMATION_FORMAT = dwarf;
				ENABLE_NS_ASSERTIONS = NO;
				ENABLE_STRICT_OBJC_MSGSEND = YES;
				GCC_C_LANGUAGE_STANDARD = gnu11;
				GCC_NO_COMMON_BLOCKS = YES;
				GCC_WARN_64_TO_32_BIT_CONVERSION = YES;
				GCC_WARN_ABOUT_RETURN_TYPE = YES_ERROR;
				GCC_WARN_UNDECLARED_SELECTOR = YES;
				GCC_WARN_UNINITIALIZED_AUTOS = YES_AGGRESSIVE;
				GCC_WARN_UNUSED_FUNCTION = YES;
				GCC_WARN_UNUSED_VARIABLE = YES;
				IPHONEOS_DEPLOYMENT_TARGET = 13.2;
				MTL_ENABLE_DEBUG_INFO = NO;
				MTL_FAST_MATH = YES;
				SDKROOT = iphoneos;
				SWIFT_COMPILATION_MODE = wholemodule;
				SWIFT_OPTIMIZATION_LEVEL = "-O";
				VALIDATE_PRODUCT = YES;
			};
			name = Release;
		};
		E12AB4CD23E23EEF00DD15D4 /* Debug */ = {
			isa = XCBuildConfiguration;
			baseConfigurationReference = 46AC84310F488B5144B5F439 /* Pods-COOKBOOK.debug.xcconfig */;
			buildSettings = {
				ASSETCATALOG_COMPILER_APPICON_NAME = AppIcon;
				CODE_SIGN_STYLE = Automatic;
				DEVELOPMENT_TEAM = 57RA7SGH3Y;
				INFOPLIST_FILE = COOKBOOK/Others/Info.plist;
				LD_RUNPATH_SEARCH_PATHS = (
					"$(inherited)",
					"@executable_path/Frameworks",
				);
				PRODUCT_BUNDLE_IDENTIFIER = com.101techie.COOKBOOK;
				PRODUCT_NAME = "$(TARGET_NAME)";
				SWIFT_VERSION = 5.0;
				TARGETED_DEVICE_FAMILY = "1,2";
			};
			name = Debug;
		};
		E12AB4CE23E23EEF00DD15D4 /* Release */ = {
			isa = XCBuildConfiguration;
			baseConfigurationReference = 7134C9C1A9803BBB2ADB35D2 /* Pods-COOKBOOK.release.xcconfig */;
			buildSettings = {
				ASSETCATALOG_COMPILER_APPICON_NAME = AppIcon;
				CODE_SIGN_STYLE = Automatic;
				DEVELOPMENT_TEAM = 57RA7SGH3Y;
				INFOPLIST_FILE = COOKBOOK/Others/Info.plist;
				LD_RUNPATH_SEARCH_PATHS = (
					"$(inherited)",
					"@executable_path/Frameworks",
				);
				PRODUCT_BUNDLE_IDENTIFIER = com.101techie.COOKBOOK;
				PRODUCT_NAME = "$(TARGET_NAME)";
				SWIFT_VERSION = 5.0;
				TARGETED_DEVICE_FAMILY = "1,2";
			};
			name = Release;
		};
/* End XCBuildConfiguration section */

/* Begin XCConfigurationList section */
		E12AB4B323E23EEE00DD15D4 /* Build configuration list for PBXProject "COOKBOOK" */ = {
			isa = XCConfigurationList;
			buildConfigurations = (
				E12AB4CA23E23EEF00DD15D4 /* Debug */,
				E12AB4CB23E23EEF00DD15D4 /* Release */,
			);
			defaultConfigurationIsVisible = 0;
			defaultConfigurationName = Release;
		};
		E12AB4CC23E23EEF00DD15D4 /* Build configuration list for PBXNativeTarget "COOKBOOK" */ = {
			isa = XCConfigurationList;
			buildConfigurations = (
				E12AB4CD23E23EEF00DD15D4 /* Debug */,
				E12AB4CE23E23EEF00DD15D4 /* Release */,
			);
			defaultConfigurationIsVisible = 0;
			defaultConfigurationName = Release;
		};
/* End XCConfigurationList section */
	};
	rootObject = E12AB4B023E23EEE00DD15D4 /* Project object */;
}
