// !$*UTF8*$!
{
	archiveVersion = 1;
	classes = {
	};
	objectVersion = 51;
	objects = {

/* Begin PBXBuildFile section */
		CC039F0523FD1031002ED7F3 /* ForgetPasswordView.swift in Sources */ = {isa = PBXBuildFile; fileRef = CC039F0423FD1031002ED7F3 /* ForgetPasswordView.swift */; };
		CC1A390223FC1EB3000AAF3A /* SplashView.swift in Sources */ = {isa = PBXBuildFile; fileRef = CC1A390123FC1EB3000AAF3A /* SplashView.swift */; };
		CC1A390723FC54ED000AAF3A /* SignInView.swift in Sources */ = {isa = PBXBuildFile; fileRef = CC1A390623FC54ED000AAF3A /* SignInView.swift */; };
		CC25A43B240087A400F67182 /* CGRect + Ext.swift in Sources */ = {isa = PBXBuildFile; fileRef = CC25A43A240087A400F67182 /* CGRect + Ext.swift */; };
		CC2752E123FDA33D00BE56A5 /* HomeView.swift in Sources */ = {isa = PBXBuildFile; fileRef = CC2752E023FDA33D00BE56A5 /* HomeView.swift */; };
		CC2A98A92410ECEC002FD8B4 /* PopularRecipesCollectionViewCell.swift in Sources */ = {isa = PBXBuildFile; fileRef = CC2A98A82410ECEC002FD8B4 /* PopularRecipesCollectionViewCell.swift */; };
		CC2A98AC2410F839002FD8B4 /* PopularRecipesTableViewCellCollectionViewCell.swift in Sources */ = {isa = PBXBuildFile; fileRef = CC2A98AB2410F839002FD8B4 /* PopularRecipesTableViewCellCollectionViewCell.swift */; };
		CC2BA6FB2415F3A00039B725 /* RecipesTableViewDetailsView.swift in Sources */ = {isa = PBXBuildFile; fileRef = CC2BA6FA2415F3A00039B725 /* RecipesTableViewDetailsView.swift */; };
		CC33256E23FCF88D00F8A6F2 /* SignupView.swift in Sources */ = {isa = PBXBuildFile; fileRef = CC33256D23FCF88D00F8A6F2 /* SignupView.swift */; };
		CC410FB82406C41500F4A82D /* SideMenuTableViewController.swift in Sources */ = {isa = PBXBuildFile; fileRef = CC410FB72406C41500F4A82D /* SideMenuTableViewController.swift */; };
		CC410FBB2406C44500F4A82D /* SideMenuTableViewCell.swift in Sources */ = {isa = PBXBuildFile; fileRef = CC410FBA2406C44500F4A82D /* SideMenuTableViewCell.swift */; };
		CC74E77F23FF6B4E000625DF /* ActivityIndicator.swift in Sources */ = {isa = PBXBuildFile; fileRef = CC74E77E23FF6B4E000625DF /* ActivityIndicator.swift */; };
		CCA170492402A96A008126C1 /* HomeTableViewCell.swift in Sources */ = {isa = PBXBuildFile; fileRef = CCA170482402A96A008126C1 /* HomeTableViewCell.swift */; };
		CCE19A3B2415FED50089F2CA /* RecipesTableViewDetails.swift in Sources */ = {isa = PBXBuildFile; fileRef = CCE19A3A2415FED50089F2CA /* RecipesTableViewDetails.swift */; };
		CCE8FC88240C7CD500005405 /* CategoriesCollectionViewCell.swift in Sources */ = {isa = PBXBuildFile; fileRef = CCE8FC87240C7CD500005405 /* CategoriesCollectionViewCell.swift */; };
		CCF279E2240B186700EFEADE /* CategoriesTableViewCellCollectionViewCell.swift in Sources */ = {isa = PBXBuildFile; fileRef = CCF279E1240B186700EFEADE /* CategoriesTableViewCellCollectionViewCell.swift */; };
		CCF790052401BE6C006FC3A6 /* ImageView + Ext.swift in Sources */ = {isa = PBXBuildFile; fileRef = CCF790042401BE6C006FC3A6 /* ImageView + Ext.swift */; };
		CCF945B023FA2BE6002734F6 /* Alert.swift in Sources */ = {isa = PBXBuildFile; fileRef = CCF945AF23FA2BE6002734F6 /* Alert.swift */; };
		E1066A9524536DF200C426B3 /* ContactUsView.swift in Sources */ = {isa = PBXBuildFile; fileRef = E1066A9424536DF200C426B3 /* ContactUsView.swift */; };
		E1066A9724536E3800C426B3 /* ContactUsViewController.swift in Sources */ = {isa = PBXBuildFile; fileRef = E1066A9624536E3800C426B3 /* ContactUsViewController.swift */; };
		E1066A9C2453B36E00C426B3 /* AboutUsView.swift in Sources */ = {isa = PBXBuildFile; fileRef = E1066A9B2453B36E00C426B3 /* AboutUsView.swift */; };
		E1066A9E2453B3A800C426B3 /* AboutUsViewController.swift in Sources */ = {isa = PBXBuildFile; fileRef = E1066A9D2453B3A800C426B3 /* AboutUsViewController.swift */; };
		E10D43E924532EAB00FDFC2B /* SearchByIngredientsDetailsView.swift in Sources */ = {isa = PBXBuildFile; fileRef = E10D43E824532EAB00FDFC2B /* SearchByIngredientsDetailsView.swift */; };
		E10D43EC2453302100FDFC2B /* SearchByIngredientsDetailsViewController.swift in Sources */ = {isa = PBXBuildFile; fileRef = E10D43EB2453302100FDFC2B /* SearchByIngredientsDetailsViewController.swift */; };
		E10D43F224533D4400FDFC2B /* StartCookingByIngredientsView.swift in Sources */ = {isa = PBXBuildFile; fileRef = E10D43F124533D4400FDFC2B /* StartCookingByIngredientsView.swift */; };
		E10D43F424533D9300FDFC2B /* StartBuyingByIngredientsView.swift in Sources */ = {isa = PBXBuildFile; fileRef = E10D43F324533D9300FDFC2B /* StartBuyingByIngredientsView.swift */; };
		E10D43F624533DD800FDFC2B /* StartCookingByIngredientsViewController.swift in Sources */ = {isa = PBXBuildFile; fileRef = E10D43F524533DD800FDFC2B /* StartCookingByIngredientsViewController.swift */; };
		E10D43F824533DE000FDFC2B /* StartBuyingByIngredientsViewController.swift in Sources */ = {isa = PBXBuildFile; fileRef = E10D43F724533DE000FDFC2B /* StartBuyingByIngredientsViewController.swift */; };
		E111617924089FCA00865872 /* UserTableViewCell.swift in Sources */ = {isa = PBXBuildFile; fileRef = E111617824089FCA00865872 /* UserTableViewCell.swift */; };
		E11F4C3024C6EF2A00B68420 /* String + Ext.swift in Sources */ = {isa = PBXBuildFile; fileRef = E11F4C2F24C6EF2A00B68420 /* String + Ext.swift */; };
		E124F3AC244E2C5200BA4C65 /* UINavigationController + Ext.swift in Sources */ = {isa = PBXBuildFile; fileRef = E124F3AB244E2C5200BA4C65 /* UINavigationController + Ext.swift */; };
		E124F3B0244E4C8900BA4C65 /* SearchByIngredientsView.swift in Sources */ = {isa = PBXBuildFile; fileRef = E124F3AF244E4C8900BA4C65 /* SearchByIngredientsView.swift */; };
		E124F3B2244E4CA400BA4C65 /* SearchByIngredientsViewController.swift in Sources */ = {isa = PBXBuildFile; fileRef = E124F3B1244E4CA400BA4C65 /* SearchByIngredientsViewController.swift */; };
		E124F3B4244E8C9900BA4C65 /* UITextField + Ext.swift in Sources */ = {isa = PBXBuildFile; fileRef = E124F3B3244E8C9900BA4C65 /* UITextField + Ext.swift */; };
		E124F3B7244EB0A200BA4C65 /* SearchByIngredientsViewCollectionViewCell.swift in Sources */ = {isa = PBXBuildFile; fileRef = E124F3B6244EB0A200BA4C65 /* SearchByIngredientsViewCollectionViewCell.swift */; };
		E12AB4BC23E23EEE00DD15D4 /* AppDelegate.swift in Sources */ = {isa = PBXBuildFile; fileRef = E12AB4BB23E23EEE00DD15D4 /* AppDelegate.swift */; };
		E12AB4BE23E23EEE00DD15D4 /* SceneDelegate.swift in Sources */ = {isa = PBXBuildFile; fileRef = E12AB4BD23E23EEE00DD15D4 /* SceneDelegate.swift */; };
		E12AB4C023E23EEE00DD15D4 /* SignInViewController.swift in Sources */ = {isa = PBXBuildFile; fileRef = E12AB4BF23E23EEE00DD15D4 /* SignInViewController.swift */; };
		E12AB4C823E23EEF00DD15D4 /* LaunchScreen.storyboard in Resources */ = {isa = PBXBuildFile; fileRef = E12AB4C623E23EEF00DD15D4 /* LaunchScreen.storyboard */; };
		E12AB4D023E2421700DD15D4 /* HomeViewController.swift in Sources */ = {isa = PBXBuildFile; fileRef = E12AB4CF23E2421700DD15D4 /* HomeViewController.swift */; };
		E12AB4D623E2487800DD15D4 /* RecipeModel.swift in Sources */ = {isa = PBXBuildFile; fileRef = E12AB4D523E2487800DD15D4 /* RecipeModel.swift */; };
		E12E612D24AAFAD40000B367 /* SimilarRecipesView.swift in Sources */ = {isa = PBXBuildFile; fileRef = E12E612C24AAFAD40000B367 /* SimilarRecipesView.swift */; };
		E12E613024AB667E0000B367 /* SimilarRecipesViewController.swift in Sources */ = {isa = PBXBuildFile; fileRef = E12E612F24AB667E0000B367 /* SimilarRecipesViewController.swift */; };
		E133302923F4286C008B46FC /* SignUpViewController.swift in Sources */ = {isa = PBXBuildFile; fileRef = E133302823F4286C008B46FC /* SignUpViewController.swift */; };
		E133302B23F4359A008B46FC /* ForgetPasswordViewController.swift in Sources */ = {isa = PBXBuildFile; fileRef = E133302A23F4359A008B46FC /* ForgetPasswordViewController.swift */; };
		E138AFFA242D387500DD2816 /* RecipeInformationsTableViewCell.swift in Sources */ = {isa = PBXBuildFile; fileRef = E138AFF9242D387500DD2816 /* RecipeInformationsTableViewCell.swift */; };
		E138AFFC242D389A00DD2816 /* RecipeStepsTableViewCell.swift in Sources */ = {isa = PBXBuildFile; fileRef = E138AFFB242D389A00DD2816 /* RecipeStepsTableViewCell.swift */; };
		E1475102243BE492000CF00B /* StartBuyingViewController.swift in Sources */ = {isa = PBXBuildFile; fileRef = E1475101243BE492000CF00B /* StartBuyingViewController.swift */; };
		E1475104243BF9D2000CF00B /* ListOfIngredientsTableViewCell.swift in Sources */ = {isa = PBXBuildFile; fileRef = E1475103243BF9D2000CF00B /* ListOfIngredientsTableViewCell.swift */; };
		E15331B0249A8155006B1315 /* AlertView.swift in Sources */ = {isa = PBXBuildFile; fileRef = E15331AF249A8155006B1315 /* AlertView.swift */; };
		E15331B2249A8174006B1315 /* AlertViewController.swift in Sources */ = {isa = PBXBuildFile; fileRef = E15331B1249A8174006B1315 /* AlertViewController.swift */; };
		E15FB4D123F19FA2001FAB47 /* SplashViewController.swift in Sources */ = {isa = PBXBuildFile; fileRef = E15FB4D023F19FA2001FAB47 /* SplashViewController.swift */; };
		E1625DA6243D1CBD00FFABA3 /* SearchView.swift in Sources */ = {isa = PBXBuildFile; fileRef = E1625DA5243D1CBD00FFABA3 /* SearchView.swift */; };
		E1625DA9243D209E00FFABA3 /* SearchViewController.swift in Sources */ = {isa = PBXBuildFile; fileRef = E1625DA8243D209E00FFABA3 /* SearchViewController.swift */; };
		E1625DAB243D32DB00FFABA3 /* SearchRecipesModel.swift in Sources */ = {isa = PBXBuildFile; fileRef = E1625DAA243D32DB00FFABA3 /* SearchRecipesModel.swift */; };
		E1625DAD243D3FC100FFABA3 /* SearchViewTableViewCell.swift in Sources */ = {isa = PBXBuildFile; fileRef = E1625DAC243D3FC100FFABA3 /* SearchViewTableViewCell.swift */; };
		E16CC94F243E4C1100022ED6 /* SearchedRecipesDetails.swift in Sources */ = {isa = PBXBuildFile; fileRef = E16CC94E243E4C1100022ED6 /* SearchedRecipesDetails.swift */; };
		E16CC952243E4CA700022ED6 /* SearchedRecipesDetailsViewController.swift in Sources */ = {isa = PBXBuildFile; fileRef = E16CC951243E4CA700022ED6 /* SearchedRecipesDetailsViewController.swift */; };
		E16CC95A243E998D00022ED6 /* StartCookingSearchedRecipesView.swift in Sources */ = {isa = PBXBuildFile; fileRef = E16CC959243E998D00022ED6 /* StartCookingSearchedRecipesView.swift */; };
		E16CC95C243E999F00022ED6 /* StartCookingSearchedRecipesViewController.swift in Sources */ = {isa = PBXBuildFile; fileRef = E16CC95B243E999F00022ED6 /* StartCookingSearchedRecipesViewController.swift */; };
		E16CC960243EA67F00022ED6 /* StartBuyingSearchedRecipesViewController.swift in Sources */ = {isa = PBXBuildFile; fileRef = E16CC95F243EA67F00022ED6 /* StartBuyingSearchedRecipesViewController.swift */; };
		E16CC962243EA6A000022ED6 /* StartBuyingSearchedRecipesView.swift in Sources */ = {isa = PBXBuildFile; fileRef = E16CC961243EA6A000022ED6 /* StartBuyingSearchedRecipesView.swift */; };
		E17A1AB6244CAFCD00DE984A /* AlertService.swift in Sources */ = {isa = PBXBuildFile; fileRef = E17A1AB5244CAFCD00DE984A /* AlertService.swift */; };
		E17BAC5C245CA9CE00DC4072 /* FavouriteRecipesModel.swift in Sources */ = {isa = PBXBuildFile; fileRef = E17BAC5B245CA9CE00DC4072 /* FavouriteRecipesModel.swift */; };
		E18187B4241D495E00880AC7 /* RecipesDetailsView.swift in Sources */ = {isa = PBXBuildFile; fileRef = E18187B3241D495E00880AC7 /* RecipesDetailsView.swift */; };
		E18187B6241D4B9500880AC7 /* RecipesDetailsViewController.swift in Sources */ = {isa = PBXBuildFile; fileRef = E18187B5241D4B9500880AC7 /* RecipesDetailsViewController.swift */; };
		E1840A8F24462A9C002AB3E7 /* Assets.xcassets in Resources */ = {isa = PBXBuildFile; fileRef = E12AB4C423E23EEF00DD15D4 /* Assets.xcassets */; };
		E19555DB23F2336B0001C480 /* Colors + Ext.swift in Sources */ = {isa = PBXBuildFile; fileRef = E19555DA23F2336B0001C480 /* Colors + Ext.swift */; };
		E196849A24453C650007F16A /* SideMenuTableView.swift in Sources */ = {isa = PBXBuildFile; fileRef = E196849924453C650007F16A /* SideMenuTableView.swift */; };
		E1AA130224507C7C00064222 /* SearchWithIngredientsModel.swift in Sources */ = {isa = PBXBuildFile; fileRef = E1AA130124507C7C00064222 /* SearchWithIngredientsModel.swift */; };
		E1AA13072450F25C00064222 /* SearchByIngredientsTableView.swift in Sources */ = {isa = PBXBuildFile; fileRef = E1AA13062450F25C00064222 /* SearchByIngredientsTableView.swift */; };
		E1AA13092450F28600064222 /* SearchByIngredientsTableViewController.swift in Sources */ = {isa = PBXBuildFile; fileRef = E1AA13082450F28600064222 /* SearchByIngredientsTableViewController.swift */; };
		E1B68228244B35BE004B666E /* Error404TableViewCell.swift in Sources */ = {isa = PBXBuildFile; fileRef = E1B68227244B35BE004B666E /* Error404TableViewCell.swift */; };
		E1C49D86242BA9FF00446CDE /* StartCookingView.swift in Sources */ = {isa = PBXBuildFile; fileRef = E1C49D85242BA9FF00446CDE /* StartCookingView.swift */; };
		E1C49D89242BAA2000446CDE /* StartCookingViewController.swift in Sources */ = {isa = PBXBuildFile; fileRef = E1C49D88242BAA2000446CDE /* StartCookingViewController.swift */; };
		E1CDA91B23F36D43002BCDD8 /* UIView + Ext.swift in Sources */ = {isa = PBXBuildFile; fileRef = E1CDA91A23F36D43002BCDD8 /* UIView + Ext.swift */; };
		E1D1CEFC2451904600D578CF /* SearchByIngredientsTableViewCell.swift in Sources */ = {isa = PBXBuildFile; fileRef = E1D1CEFB2451904600D578CF /* SearchByIngredientsTableViewCell.swift */; };
		E1D4EC7323F4C035006E6CB4 /* GoogleService-Info.plist in Resources */ = {isa = PBXBuildFile; fileRef = E1D4EC7223F4C035006E6CB4 /* GoogleService-Info.plist */; };
		E1D4EC7523F4D6E0006E6CB4 /* UIViewController + Ext.swift in Sources */ = {isa = PBXBuildFile; fileRef = E1D4EC7423F4D6E0006E6CB4 /* UIViewController + Ext.swift */; };
		E1D832FE243BD128006EE2EC /* StartBuyingView.swift in Sources */ = {isa = PBXBuildFile; fileRef = E1D832FD243BD128006EE2EC /* StartBuyingView.swift */; };
		E1D83301243BD749006EE2EC /* StartBuyingIngredientsTableViewCell.swift in Sources */ = {isa = PBXBuildFile; fileRef = E1D83300243BD749006EE2EC /* StartBuyingIngredientsTableViewCell.swift */; };
		E1DE501524A9B9690069F559 /* SimilarRecipesModel.swift in Sources */ = {isa = PBXBuildFile; fileRef = E1DE501424A9B9690069F559 /* SimilarRecipesModel.swift */; };
		E1E12CEE241E56C0004B84F9 /* IngredientsTableViewCell.swift in Sources */ = {isa = PBXBuildFile; fileRef = E1E12CED241E56C0004B84F9 /* IngredientsTableViewCell.swift */; };
		E1E12CFE241EB866004B84F9 /* NumberOfIngredientsTableViewCell.swift in Sources */ = {isa = PBXBuildFile; fileRef = E1E12CFD241EB866004B84F9 /* NumberOfIngredientsTableViewCell.swift */; };
		E1E2350524A99D7C0035799D /* SimilarRecipesTableViewCell.swift in Sources */ = {isa = PBXBuildFile; fileRef = E1E2350424A99D7C0035799D /* SimilarRecipesTableViewCell.swift */; };
		E1EF80DB2438F1600000C4D5 /* SavedRecipesView.swift in Sources */ = {isa = PBXBuildFile; fileRef = E1EF80DA2438F1600000C4D5 /* SavedRecipesView.swift */; };
		E1EF80DE2438F1AF0000C4D5 /* SavedRecipesViewController.swift in Sources */ = {isa = PBXBuildFile; fileRef = E1EF80DD2438F1AF0000C4D5 /* SavedRecipesViewController.swift */; };
		E6ED0A25B40D6B72EB6123AF /* Pods_COOKBOOK.framework in Frameworks */ = {isa = PBXBuildFile; fileRef = 32FC6A015EA4734DB4FAADAD /* Pods_COOKBOOK.framework */; };
/* End PBXBuildFile section */

/* Begin PBXFileReference section */
		32FC6A015EA4734DB4FAADAD /* Pods_COOKBOOK.framework */ = {isa = PBXFileReference; explicitFileType = wrapper.framework; includeInIndex = 0; path = Pods_COOKBOOK.framework; sourceTree = BUILT_PRODUCTS_DIR; };
		44AF172FF2AA4E53D4F84C50 /* Pods-COOKBOOK.release.xcconfig */ = {isa = PBXFileReference; includeInIndex = 1; lastKnownFileType = text.xcconfig; name = "Pods-COOKBOOK.release.xcconfig"; path = "Target Support Files/Pods-COOKBOOK/Pods-COOKBOOK.release.xcconfig"; sourceTree = "<group>"; };
		CC039F0423FD1031002ED7F3 /* ForgetPasswordView.swift */ = {isa = PBXFileReference; lastKnownFileType = sourcecode.swift; path = ForgetPasswordView.swift; sourceTree = "<group>"; };
		CC1A390123FC1EB3000AAF3A /* SplashView.swift */ = {isa = PBXFileReference; lastKnownFileType = sourcecode.swift; path = SplashView.swift; sourceTree = "<group>"; };
		CC1A390623FC54ED000AAF3A /* SignInView.swift */ = {isa = PBXFileReference; lastKnownFileType = sourcecode.swift; path = SignInView.swift; sourceTree = "<group>"; };
		CC25A43A240087A400F67182 /* CGRect + Ext.swift */ = {isa = PBXFileReference; lastKnownFileType = sourcecode.swift; path = "CGRect + Ext.swift"; sourceTree = "<group>"; };
		CC2752E023FDA33D00BE56A5 /* HomeView.swift */ = {isa = PBXFileReference; lastKnownFileType = sourcecode.swift; path = HomeView.swift; sourceTree = "<group>"; };
		CC2A98A82410ECEC002FD8B4 /* PopularRecipesCollectionViewCell.swift */ = {isa = PBXFileReference; lastKnownFileType = sourcecode.swift; path = PopularRecipesCollectionViewCell.swift; sourceTree = "<group>"; };
		CC2A98AB2410F839002FD8B4 /* PopularRecipesTableViewCellCollectionViewCell.swift */ = {isa = PBXFileReference; lastKnownFileType = sourcecode.swift; path = PopularRecipesTableViewCellCollectionViewCell.swift; sourceTree = "<group>"; };
		CC2BA6FA2415F3A00039B725 /* RecipesTableViewDetailsView.swift */ = {isa = PBXFileReference; lastKnownFileType = sourcecode.swift; path = RecipesTableViewDetailsView.swift; sourceTree = "<group>"; };
		CC33256D23FCF88D00F8A6F2 /* SignupView.swift */ = {isa = PBXFileReference; lastKnownFileType = sourcecode.swift; path = SignupView.swift; sourceTree = "<group>"; };
		CC410FB72406C41500F4A82D /* SideMenuTableViewController.swift */ = {isa = PBXFileReference; lastKnownFileType = sourcecode.swift; path = SideMenuTableViewController.swift; sourceTree = "<group>"; };
		CC410FBA2406C44500F4A82D /* SideMenuTableViewCell.swift */ = {isa = PBXFileReference; lastKnownFileType = sourcecode.swift; path = SideMenuTableViewCell.swift; sourceTree = "<group>"; };
		CC74E77E23FF6B4E000625DF /* ActivityIndicator.swift */ = {isa = PBXFileReference; lastKnownFileType = sourcecode.swift; path = ActivityIndicator.swift; sourceTree = "<group>"; };
		CCA170482402A96A008126C1 /* HomeTableViewCell.swift */ = {isa = PBXFileReference; lastKnownFileType = sourcecode.swift; path = HomeTableViewCell.swift; sourceTree = "<group>"; };
		CCE19A3A2415FED50089F2CA /* RecipesTableViewDetails.swift */ = {isa = PBXFileReference; lastKnownFileType = sourcecode.swift; path = RecipesTableViewDetails.swift; sourceTree = "<group>"; };
		CCE8FC87240C7CD500005405 /* CategoriesCollectionViewCell.swift */ = {isa = PBXFileReference; lastKnownFileType = sourcecode.swift; path = CategoriesCollectionViewCell.swift; sourceTree = "<group>"; };
		CCF279E1240B186700EFEADE /* CategoriesTableViewCellCollectionViewCell.swift */ = {isa = PBXFileReference; lastKnownFileType = sourcecode.swift; path = CategoriesTableViewCellCollectionViewCell.swift; sourceTree = "<group>"; };
		CCF790042401BE6C006FC3A6 /* ImageView + Ext.swift */ = {isa = PBXFileReference; lastKnownFileType = sourcecode.swift; path = "ImageView + Ext.swift"; sourceTree = "<group>"; };
		CCF945AF23FA2BE6002734F6 /* Alert.swift */ = {isa = PBXFileReference; lastKnownFileType = sourcecode.swift; path = Alert.swift; sourceTree = "<group>"; };
		E1066A9424536DF200C426B3 /* ContactUsView.swift */ = {isa = PBXFileReference; lastKnownFileType = sourcecode.swift; path = ContactUsView.swift; sourceTree = "<group>"; };
		E1066A9624536E3800C426B3 /* ContactUsViewController.swift */ = {isa = PBXFileReference; lastKnownFileType = sourcecode.swift; path = ContactUsViewController.swift; sourceTree = "<group>"; };
		E1066A9B2453B36E00C426B3 /* AboutUsView.swift */ = {isa = PBXFileReference; lastKnownFileType = sourcecode.swift; path = AboutUsView.swift; sourceTree = "<group>"; };
		E1066A9D2453B3A800C426B3 /* AboutUsViewController.swift */ = {isa = PBXFileReference; lastKnownFileType = sourcecode.swift; path = AboutUsViewController.swift; sourceTree = "<group>"; };
		E10D43E824532EAB00FDFC2B /* SearchByIngredientsDetailsView.swift */ = {isa = PBXFileReference; lastKnownFileType = sourcecode.swift; path = SearchByIngredientsDetailsView.swift; sourceTree = "<group>"; };
		E10D43EB2453302100FDFC2B /* SearchByIngredientsDetailsViewController.swift */ = {isa = PBXFileReference; lastKnownFileType = sourcecode.swift; path = SearchByIngredientsDetailsViewController.swift; sourceTree = "<group>"; };
		E10D43F124533D4400FDFC2B /* StartCookingByIngredientsView.swift */ = {isa = PBXFileReference; lastKnownFileType = sourcecode.swift; path = StartCookingByIngredientsView.swift; sourceTree = "<group>"; };
		E10D43F324533D9300FDFC2B /* StartBuyingByIngredientsView.swift */ = {isa = PBXFileReference; lastKnownFileType = sourcecode.swift; path = StartBuyingByIngredientsView.swift; sourceTree = "<group>"; };
		E10D43F524533DD800FDFC2B /* StartCookingByIngredientsViewController.swift */ = {isa = PBXFileReference; lastKnownFileType = sourcecode.swift; path = StartCookingByIngredientsViewController.swift; sourceTree = "<group>"; };
		E10D43F724533DE000FDFC2B /* StartBuyingByIngredientsViewController.swift */ = {isa = PBXFileReference; lastKnownFileType = sourcecode.swift; path = StartBuyingByIngredientsViewController.swift; sourceTree = "<group>"; };
		E111617824089FCA00865872 /* UserTableViewCell.swift */ = {isa = PBXFileReference; lastKnownFileType = sourcecode.swift; path = UserTableViewCell.swift; sourceTree = "<group>"; };
		E11F4C2F24C6EF2A00B68420 /* String + Ext.swift */ = {isa = PBXFileReference; lastKnownFileType = sourcecode.swift; path = "String + Ext.swift"; sourceTree = "<group>"; };
		E124F3AB244E2C5200BA4C65 /* UINavigationController + Ext.swift */ = {isa = PBXFileReference; lastKnownFileType = sourcecode.swift; path = "UINavigationController + Ext.swift"; sourceTree = "<group>"; };
		E124F3AF244E4C8900BA4C65 /* SearchByIngredientsView.swift */ = {isa = PBXFileReference; lastKnownFileType = sourcecode.swift; path = SearchByIngredientsView.swift; sourceTree = "<group>"; };
		E124F3B1244E4CA400BA4C65 /* SearchByIngredientsViewController.swift */ = {isa = PBXFileReference; lastKnownFileType = sourcecode.swift; path = SearchByIngredientsViewController.swift; sourceTree = "<group>"; };
		E124F3B3244E8C9900BA4C65 /* UITextField + Ext.swift */ = {isa = PBXFileReference; lastKnownFileType = sourcecode.swift; path = "UITextField + Ext.swift"; sourceTree = "<group>"; };
		E124F3B6244EB0A200BA4C65 /* SearchByIngredientsViewCollectionViewCell.swift */ = {isa = PBXFileReference; lastKnownFileType = sourcecode.swift; path = SearchByIngredientsViewCollectionViewCell.swift; sourceTree = "<group>"; };
		E12AB4B823E23EEE00DD15D4 /* COOKBOOK.app */ = {isa = PBXFileReference; explicitFileType = wrapper.application; includeInIndex = 0; path = COOKBOOK.app; sourceTree = BUILT_PRODUCTS_DIR; };
		E12AB4BB23E23EEE00DD15D4 /* AppDelegate.swift */ = {isa = PBXFileReference; lastKnownFileType = sourcecode.swift; path = AppDelegate.swift; sourceTree = "<group>"; };
		E12AB4BD23E23EEE00DD15D4 /* SceneDelegate.swift */ = {isa = PBXFileReference; lastKnownFileType = sourcecode.swift; path = SceneDelegate.swift; sourceTree = "<group>"; };
		E12AB4BF23E23EEE00DD15D4 /* SignInViewController.swift */ = {isa = PBXFileReference; lastKnownFileType = sourcecode.swift; path = SignInViewController.swift; sourceTree = "<group>"; };
		E12AB4C423E23EEF00DD15D4 /* Assets.xcassets */ = {isa = PBXFileReference; lastKnownFileType = folder.assetcatalog; path = Assets.xcassets; sourceTree = "<group>"; };
		E12AB4C723E23EEF00DD15D4 /* Base */ = {isa = PBXFileReference; lastKnownFileType = file.storyboard; name = Base; path = Base.lproj/LaunchScreen.storyboard; sourceTree = "<group>"; };
		E12AB4C923E23EEF00DD15D4 /* Info.plist */ = {isa = PBXFileReference; lastKnownFileType = text.plist.xml; path = Info.plist; sourceTree = "<group>"; };
		E12AB4CF23E2421700DD15D4 /* HomeViewController.swift */ = {isa = PBXFileReference; lastKnownFileType = sourcecode.swift; path = HomeViewController.swift; sourceTree = "<group>"; };
		E12AB4D523E2487800DD15D4 /* RecipeModel.swift */ = {isa = PBXFileReference; lastKnownFileType = sourcecode.swift; path = RecipeModel.swift; sourceTree = "<group>"; };
		E12E612C24AAFAD40000B367 /* SimilarRecipesView.swift */ = {isa = PBXFileReference; lastKnownFileType = sourcecode.swift; path = SimilarRecipesView.swift; sourceTree = "<group>"; };
		E12E612F24AB667E0000B367 /* SimilarRecipesViewController.swift */ = {isa = PBXFileReference; lastKnownFileType = sourcecode.swift; path = SimilarRecipesViewController.swift; sourceTree = "<group>"; };
		E133302823F4286C008B46FC /* SignUpViewController.swift */ = {isa = PBXFileReference; lastKnownFileType = sourcecode.swift; path = SignUpViewController.swift; sourceTree = "<group>"; };
		E133302A23F4359A008B46FC /* ForgetPasswordViewController.swift */ = {isa = PBXFileReference; lastKnownFileType = sourcecode.swift; path = ForgetPasswordViewController.swift; sourceTree = "<group>"; };
		E138AFF9242D387500DD2816 /* RecipeInformationsTableViewCell.swift */ = {isa = PBXFileReference; lastKnownFileType = sourcecode.swift; path = RecipeInformationsTableViewCell.swift; sourceTree = "<group>"; };
		E138AFFB242D389A00DD2816 /* RecipeStepsTableViewCell.swift */ = {isa = PBXFileReference; lastKnownFileType = sourcecode.swift; path = RecipeStepsTableViewCell.swift; sourceTree = "<group>"; };
		E1475101243BE492000CF00B /* StartBuyingViewController.swift */ = {isa = PBXFileReference; lastKnownFileType = sourcecode.swift; path = StartBuyingViewController.swift; sourceTree = "<group>"; };
		E1475103243BF9D2000CF00B /* ListOfIngredientsTableViewCell.swift */ = {isa = PBXFileReference; lastKnownFileType = sourcecode.swift; path = ListOfIngredientsTableViewCell.swift; sourceTree = "<group>"; };
		E15331AF249A8155006B1315 /* AlertView.swift */ = {isa = PBXFileReference; lastKnownFileType = sourcecode.swift; path = AlertView.swift; sourceTree = "<group>"; };
		E15331B1249A8174006B1315 /* AlertViewController.swift */ = {isa = PBXFileReference; lastKnownFileType = sourcecode.swift; path = AlertViewController.swift; sourceTree = "<group>"; };
		E15FB4D023F19FA2001FAB47 /* SplashViewController.swift */ = {isa = PBXFileReference; lastKnownFileType = sourcecode.swift; path = SplashViewController.swift; sourceTree = "<group>"; };
		E1625DA5243D1CBD00FFABA3 /* SearchView.swift */ = {isa = PBXFileReference; lastKnownFileType = sourcecode.swift; path = SearchView.swift; sourceTree = "<group>"; };
		E1625DA8243D209E00FFABA3 /* SearchViewController.swift */ = {isa = PBXFileReference; lastKnownFileType = sourcecode.swift; path = SearchViewController.swift; sourceTree = "<group>"; };
		E1625DAA243D32DB00FFABA3 /* SearchRecipesModel.swift */ = {isa = PBXFileReference; lastKnownFileType = sourcecode.swift; path = SearchRecipesModel.swift; sourceTree = "<group>"; };
		E1625DAC243D3FC100FFABA3 /* SearchViewTableViewCell.swift */ = {isa = PBXFileReference; lastKnownFileType = sourcecode.swift; path = SearchViewTableViewCell.swift; sourceTree = "<group>"; };
		E16CC94E243E4C1100022ED6 /* SearchedRecipesDetails.swift */ = {isa = PBXFileReference; lastKnownFileType = sourcecode.swift; path = SearchedRecipesDetails.swift; sourceTree = "<group>"; };
		E16CC951243E4CA700022ED6 /* SearchedRecipesDetailsViewController.swift */ = {isa = PBXFileReference; lastKnownFileType = sourcecode.swift; path = SearchedRecipesDetailsViewController.swift; sourceTree = "<group>"; };
		E16CC959243E998D00022ED6 /* StartCookingSearchedRecipesView.swift */ = {isa = PBXFileReference; lastKnownFileType = sourcecode.swift; path = StartCookingSearchedRecipesView.swift; sourceTree = "<group>"; };
		E16CC95B243E999F00022ED6 /* StartCookingSearchedRecipesViewController.swift */ = {isa = PBXFileReference; lastKnownFileType = sourcecode.swift; path = StartCookingSearchedRecipesViewController.swift; sourceTree = "<group>"; };
		E16CC95F243EA67F00022ED6 /* StartBuyingSearchedRecipesViewController.swift */ = {isa = PBXFileReference; lastKnownFileType = sourcecode.swift; path = StartBuyingSearchedRecipesViewController.swift; sourceTree = "<group>"; };
		E16CC961243EA6A000022ED6 /* StartBuyingSearchedRecipesView.swift */ = {isa = PBXFileReference; lastKnownFileType = sourcecode.swift; path = StartBuyingSearchedRecipesView.swift; sourceTree = "<group>"; };
		E17A1AB5244CAFCD00DE984A /* AlertService.swift */ = {isa = PBXFileReference; lastKnownFileType = sourcecode.swift; path = AlertService.swift; sourceTree = "<group>"; };
		E17BAC5B245CA9CE00DC4072 /* FavouriteRecipesModel.swift */ = {isa = PBXFileReference; lastKnownFileType = sourcecode.swift; path = FavouriteRecipesModel.swift; sourceTree = "<group>"; };
		E18187B3241D495E00880AC7 /* RecipesDetailsView.swift */ = {isa = PBXFileReference; lastKnownFileType = sourcecode.swift; path = RecipesDetailsView.swift; sourceTree = "<group>"; };
		E18187B5241D4B9500880AC7 /* RecipesDetailsViewController.swift */ = {isa = PBXFileReference; lastKnownFileType = sourcecode.swift; path = RecipesDetailsViewController.swift; sourceTree = "<group>"; };
		E19555DA23F2336B0001C480 /* Colors + Ext.swift */ = {isa = PBXFileReference; lastKnownFileType = sourcecode.swift; path = "Colors + Ext.swift"; sourceTree = "<group>"; };
		E196849924453C650007F16A /* SideMenuTableView.swift */ = {isa = PBXFileReference; lastKnownFileType = sourcecode.swift; path = SideMenuTableView.swift; sourceTree = "<group>"; };
		E1AA130124507C7C00064222 /* SearchWithIngredientsModel.swift */ = {isa = PBXFileReference; lastKnownFileType = sourcecode.swift; path = SearchWithIngredientsModel.swift; sourceTree = "<group>"; };
		E1AA13062450F25C00064222 /* SearchByIngredientsTableView.swift */ = {isa = PBXFileReference; lastKnownFileType = sourcecode.swift; path = SearchByIngredientsTableView.swift; sourceTree = "<group>"; };
		E1AA13082450F28600064222 /* SearchByIngredientsTableViewController.swift */ = {isa = PBXFileReference; lastKnownFileType = sourcecode.swift; path = SearchByIngredientsTableViewController.swift; sourceTree = "<group>"; };
		E1B68227244B35BE004B666E /* Error404TableViewCell.swift */ = {isa = PBXFileReference; lastKnownFileType = sourcecode.swift; path = Error404TableViewCell.swift; sourceTree = "<group>"; };
		E1C49D85242BA9FF00446CDE /* StartCookingView.swift */ = {isa = PBXFileReference; lastKnownFileType = sourcecode.swift; path = StartCookingView.swift; sourceTree = "<group>"; };
		E1C49D88242BAA2000446CDE /* StartCookingViewController.swift */ = {isa = PBXFileReference; lastKnownFileType = sourcecode.swift; path = StartCookingViewController.swift; sourceTree = "<group>"; };
		E1CDA91A23F36D43002BCDD8 /* UIView + Ext.swift */ = {isa = PBXFileReference; lastKnownFileType = sourcecode.swift; path = "UIView + Ext.swift"; sourceTree = "<group>"; };
		E1D1CEFB2451904600D578CF /* SearchByIngredientsTableViewCell.swift */ = {isa = PBXFileReference; lastKnownFileType = sourcecode.swift; path = SearchByIngredientsTableViewCell.swift; sourceTree = "<group>"; };
		E1D4EC7223F4C035006E6CB4 /* GoogleService-Info.plist */ = {isa = PBXFileReference; fileEncoding = 4; lastKnownFileType = text.plist.xml; path = "GoogleService-Info.plist"; sourceTree = "<group>"; };
		E1D4EC7423F4D6E0006E6CB4 /* UIViewController + Ext.swift */ = {isa = PBXFileReference; lastKnownFileType = sourcecode.swift; path = "UIViewController + Ext.swift"; sourceTree = "<group>"; };
		E1D832FD243BD128006EE2EC /* StartBuyingView.swift */ = {isa = PBXFileReference; lastKnownFileType = sourcecode.swift; path = StartBuyingView.swift; sourceTree = "<group>"; };
		E1D83300243BD749006EE2EC /* StartBuyingIngredientsTableViewCell.swift */ = {isa = PBXFileReference; lastKnownFileType = sourcecode.swift; path = StartBuyingIngredientsTableViewCell.swift; sourceTree = "<group>"; };
		E1DE501424A9B9690069F559 /* SimilarRecipesModel.swift */ = {isa = PBXFileReference; lastKnownFileType = sourcecode.swift; path = SimilarRecipesModel.swift; sourceTree = "<group>"; };
		E1E12CED241E56C0004B84F9 /* IngredientsTableViewCell.swift */ = {isa = PBXFileReference; lastKnownFileType = sourcecode.swift; path = IngredientsTableViewCell.swift; sourceTree = "<group>"; };
		E1E12CFD241EB866004B84F9 /* NumberOfIngredientsTableViewCell.swift */ = {isa = PBXFileReference; lastKnownFileType = sourcecode.swift; path = NumberOfIngredientsTableViewCell.swift; sourceTree = "<group>"; };
		E1E2350424A99D7C0035799D /* SimilarRecipesTableViewCell.swift */ = {isa = PBXFileReference; lastKnownFileType = sourcecode.swift; path = SimilarRecipesTableViewCell.swift; sourceTree = "<group>"; };
		E1EF80DA2438F1600000C4D5 /* SavedRecipesView.swift */ = {isa = PBXFileReference; lastKnownFileType = sourcecode.swift; path = SavedRecipesView.swift; sourceTree = "<group>"; };
		E1EF80DD2438F1AF0000C4D5 /* SavedRecipesViewController.swift */ = {isa = PBXFileReference; lastKnownFileType = sourcecode.swift; path = SavedRecipesViewController.swift; sourceTree = "<group>"; };
		ED74E39EF6444D0FBB635A32 /* Pods-COOKBOOK.debug.xcconfig */ = {isa = PBXFileReference; includeInIndex = 1; lastKnownFileType = text.xcconfig; name = "Pods-COOKBOOK.debug.xcconfig"; path = "Target Support Files/Pods-COOKBOOK/Pods-COOKBOOK.debug.xcconfig"; sourceTree = "<group>"; };
/* End PBXFileReference section */

/* Begin PBXFrameworksBuildPhase section */
		E12AB4B523E23EEE00DD15D4 /* Frameworks */ = {
			isa = PBXFrameworksBuildPhase;
			buildActionMask = 2147483647;
			files = (
				E6ED0A25B40D6B72EB6123AF /* Pods_COOKBOOK.framework in Frameworks */,
			);
			runOnlyForDeploymentPostprocessing = 0;
		};
/* End PBXFrameworksBuildPhase section */

/* Begin PBXGroup section */
		374F2A6BBA0F0CEF2EB43E68 /* Frameworks */ = {
			isa = PBXGroup;
			children = (
				32FC6A015EA4734DB4FAADAD /* Pods_COOKBOOK.framework */,
			);
			name = Frameworks;
			sourceTree = "<group>";
		};
		7A0A1F2EFE3B42CEC9F65F36 /* Pods */ = {
			isa = PBXGroup;
			children = (
				ED74E39EF6444D0FBB635A32 /* Pods-COOKBOOK.debug.xcconfig */,
				44AF172FF2AA4E53D4F84C50 /* Pods-COOKBOOK.release.xcconfig */,
			);
			path = Pods;
			sourceTree = "<group>";
		};
		CC039F0223FD1004002ED7F3 /* ForgetPassword */ = {
			isa = PBXGroup;
			children = (
				CC039F0423FD1031002ED7F3 /* ForgetPasswordView.swift */,
			);
			path = ForgetPassword;
			sourceTree = "<group>";
		};
		CC039F0323FD101C002ED7F3 /* ForgetPassword */ = {
			isa = PBXGroup;
			children = (
				E133302A23F4359A008B46FC /* ForgetPasswordViewController.swift */,
			);
			path = ForgetPassword;
			sourceTree = "<group>";
		};
		CC1A390323FC50A1000AAF3A /* Application */ = {
			isa = PBXGroup;
			children = (
				E12AB4BB23E23EEE00DD15D4 /* AppDelegate.swift */,
				E12AB4BD23E23EEE00DD15D4 /* SceneDelegate.swift */,
			);
			path = Application;
			sourceTree = "<group>";
		};
		CC1A390423FC50E9000AAF3A /* Assets */ = {
			isa = PBXGroup;
			children = (
				E12AB4C423E23EEF00DD15D4 /* Assets.xcassets */,
				E12AB4C623E23EEF00DD15D4 /* LaunchScreen.storyboard */,
			);
			path = Assets;
			sourceTree = "<group>";
		};
		CC1A390523FC5217000AAF3A /* Others */ = {
			isa = PBXGroup;
			children = (
				E12AB4C923E23EEF00DD15D4 /* Info.plist */,
				E1D4EC7223F4C035006E6CB4 /* GoogleService-Info.plist */,
			);
			path = Others;
			sourceTree = "<group>";
		};
		CC2A98A72410ECAF002FD8B4 /* PopularRecipesCollectionViewCell */ = {
			isa = PBXGroup;
			children = (
				CC2A98A82410ECEC002FD8B4 /* PopularRecipesCollectionViewCell.swift */,
			);
			path = PopularRecipesCollectionViewCell;
			sourceTree = "<group>";
		};
		CC2A98AA2410F7B5002FD8B4 /* PopularRecipesCollectionView */ = {
			isa = PBXGroup;
			children = (
				CC2A98AB2410F839002FD8B4 /* PopularRecipesTableViewCellCollectionViewCell.swift */,
				CC2A98A72410ECAF002FD8B4 /* PopularRecipesCollectionViewCell */,
			);
			path = PopularRecipesCollectionView;
			sourceTree = "<group>";
		};
		CC2BA6F92415F33A0039B725 /* RecipesTableViewDetails */ = {
			isa = PBXGroup;
			children = (
				CC2BA6FA2415F3A00039B725 /* RecipesTableViewDetailsView.swift */,
			);
			path = RecipesTableViewDetails;
			sourceTree = "<group>";
		};
		CC2C566E24109CBD0011FF5D /* CategoriesCollectionView */ = {
			isa = PBXGroup;
			children = (
				CCF279E1240B186700EFEADE /* CategoriesTableViewCellCollectionViewCell.swift */,
				CC2C567024109D200011FF5D /* CategoriesCollectionViewCell */,
			);
			path = CategoriesCollectionView;
			sourceTree = "<group>";
		};
		CC2C566F24109CE10011FF5D /* HomeTableView */ = {
			isa = PBXGroup;
			children = (
				CC2752E023FDA33D00BE56A5 /* HomeView.swift */,
				CCA170472402A940008126C1 /* HomeTableCell */,
			);
			path = HomeTableView;
			sourceTree = "<group>";
		};
		CC2C567024109D200011FF5D /* CategoriesCollectionViewCell */ = {
			isa = PBXGroup;
			children = (
				CCE8FC87240C7CD500005405 /* CategoriesCollectionViewCell.swift */,
			);
			path = CategoriesCollectionViewCell;
			sourceTree = "<group>";
		};
		CC33256F23FCF8DE00F8A6F2 /* Splash */ = {
			isa = PBXGroup;
			children = (
				E15FB4D023F19FA2001FAB47 /* SplashViewController.swift */,
			);
			path = Splash;
			sourceTree = "<group>";
		};
		CC33257023FCF8E900F8A6F2 /* SignIn */ = {
			isa = PBXGroup;
			children = (
				E12AB4BF23E23EEE00DD15D4 /* SignInViewController.swift */,
			);
			path = SignIn;
			sourceTree = "<group>";
		};
		CC33257123FCF8F900F8A6F2 /* SingUp */ = {
			isa = PBXGroup;
			children = (
				E133302823F4286C008B46FC /* SignUpViewController.swift */,
			);
			path = SingUp;
			sourceTree = "<group>";
		};
		CC33257223FCF90B00F8A6F2 /* Splash */ = {
			isa = PBXGroup;
			children = (
				CC1A390123FC1EB3000AAF3A /* SplashView.swift */,
			);
			path = Splash;
			sourceTree = "<group>";
		};
		CC33257323FCF91800F8A6F2 /* SignIn */ = {
			isa = PBXGroup;
			children = (
				CC1A390623FC54ED000AAF3A /* SignInView.swift */,
			);
			path = SignIn;
			sourceTree = "<group>";
		};
		CC33257423FCF92400F8A6F2 /* SignUp */ = {
			isa = PBXGroup;
			children = (
				CC33256D23FCF88D00F8A6F2 /* SignupView.swift */,
			);
			path = SignUp;
			sourceTree = "<group>";
		};
		CC410FB62406C35400F4A82D /* SideMenu */ = {
			isa = PBXGroup;
			children = (
				E196849924453C650007F16A /* SideMenuTableView.swift */,
				CC410FB92406C42C00F4A82D /* TableViewCell */,
			);
			path = SideMenu;
			sourceTree = "<group>";
		};
		CC410FB92406C42C00F4A82D /* TableViewCell */ = {
			isa = PBXGroup;
			children = (
				E111617824089FCA00865872 /* UserTableViewCell.swift */,
				CC410FBA2406C44500F4A82D /* SideMenuTableViewCell.swift */,
			);
			path = TableViewCell;
			sourceTree = "<group>";
		};
		CC74E77D23FF6B33000625DF /* ActivityIndicator */ = {
			isa = PBXGroup;
			children = (
				CC74E77E23FF6B4E000625DF /* ActivityIndicator.swift */,
			);
			path = ActivityIndicator;
			sourceTree = "<group>";
		};
		CCA170462402A926008126C1 /* HomeView */ = {
			isa = PBXGroup;
			children = (
				CC2C566F24109CE10011FF5D /* HomeTableView */,
				CC2C566E24109CBD0011FF5D /* CategoriesCollectionView */,
				CC2A98AA2410F7B5002FD8B4 /* PopularRecipesCollectionView */,
			);
			path = HomeView;
			sourceTree = "<group>";
		};
		CCA170472402A940008126C1 /* HomeTableCell */ = {
			isa = PBXGroup;
			children = (
				CCA170482402A96A008126C1 /* HomeTableViewCell.swift */,
			);
			path = HomeTableCell;
			sourceTree = "<group>";
		};
		CCE19A392415FE9D0089F2CA /* RecipesTableViewDetails */ = {
			isa = PBXGroup;
			children = (
				CCE19A3A2415FED50089F2CA /* RecipesTableViewDetails.swift */,
			);
			path = RecipesTableViewDetails;
			sourceTree = "<group>";
		};
		CCF9CB062402A60800567724 /* Home */ = {
			isa = PBXGroup;
			children = (
				E12AB4CF23E2421700DD15D4 /* HomeViewController.swift */,
			);
			path = Home;
			sourceTree = "<group>";
		};
		CCF9CB072402A61A00567724 /* Home */ = {
			isa = PBXGroup;
			children = (
				CCA170462402A926008126C1 /* HomeView */,
			);
			path = Home;
			sourceTree = "<group>";
		};
		E1066A9224536DCE00C426B3 /* ContactUs */ = {
			isa = PBXGroup;
			children = (
				E1066A9424536DF200C426B3 /* ContactUsView.swift */,
			);
			path = ContactUs;
			sourceTree = "<group>";
		};
		E1066A9324536DDD00C426B3 /* ContactUs */ = {
			isa = PBXGroup;
			children = (
				E1066A9624536E3800C426B3 /* ContactUsViewController.swift */,
			);
			path = ContactUs;
			sourceTree = "<group>";
		};
		E1066A982453B34200C426B3 /* AboutUs */ = {
			isa = PBXGroup;
			children = (
				E1066A9D2453B3A800C426B3 /* AboutUsViewController.swift */,
			);
			path = AboutUs;
			sourceTree = "<group>";
		};
		E1066A9A2453B35500C426B3 /* AboutUs */ = {
			isa = PBXGroup;
			children = (
				E1066A9B2453B36E00C426B3 /* AboutUsView.swift */,
			);
			path = AboutUs;
			sourceTree = "<group>";
		};
		E10D43E724532E7C00FDFC2B /* SearchByIngredientsDetails */ = {
			isa = PBXGroup;
			children = (
				E10D43E824532EAB00FDFC2B /* SearchByIngredientsDetailsView.swift */,
			);
			path = SearchByIngredientsDetails;
			sourceTree = "<group>";
		};
		E10D43EA2453300B00FDFC2B /* SearchByIngredientsDetails */ = {
			isa = PBXGroup;
			children = (
				E10D43EB2453302100FDFC2B /* SearchByIngredientsDetailsViewController.swift */,
			);
			path = SearchByIngredientsDetails;
			sourceTree = "<group>";
		};
		E10D43ED24533CAD00FDFC2B /* StartCookingByIngredients */ = {
			isa = PBXGroup;
			children = (
				E10D43F524533DD800FDFC2B /* StartCookingByIngredientsViewController.swift */,
			);
			path = StartCookingByIngredients;
			sourceTree = "<group>";
		};
		E10D43EE24533CD100FDFC2B /* StartBuyingByIngredients */ = {
			isa = PBXGroup;
			children = (
				E10D43F724533DE000FDFC2B /* StartBuyingByIngredientsViewController.swift */,
			);
			path = StartBuyingByIngredients;
			sourceTree = "<group>";
		};
		E10D43EF24533D0F00FDFC2B /* StartCookingByIngredients */ = {
			isa = PBXGroup;
			children = (
				E10D43F124533D4400FDFC2B /* StartCookingByIngredientsView.swift */,
			);
			path = StartCookingByIngredients;
			sourceTree = "<group>";
		};
		E10D43F024533D1400FDFC2B /* StartBuyingByIngredients */ = {
			isa = PBXGroup;
			children = (
				E10D43F324533D9300FDFC2B /* StartBuyingByIngredientsView.swift */,
			);
			path = StartBuyingByIngredients;
			sourceTree = "<group>";
		};
		E124F3AD244E4C4A00BA4C65 /* SearchByIngredients */ = {
			isa = PBXGroup;
			children = (
				E124F3AF244E4C8900BA4C65 /* SearchByIngredientsView.swift */,
				E124F3B5244EB06E00BA4C65 /* Cell */,
			);
			path = SearchByIngredients;
			sourceTree = "<group>";
		};
		E124F3AE244E4C5F00BA4C65 /* SearchByIngredients */ = {
			isa = PBXGroup;
			children = (
				E124F3B1244E4CA400BA4C65 /* SearchByIngredientsViewController.swift */,
			);
			path = SearchByIngredients;
			sourceTree = "<group>";
		};
		E124F3B5244EB06E00BA4C65 /* Cell */ = {
			isa = PBXGroup;
			children = (
				E124F3B6244EB0A200BA4C65 /* SearchByIngredientsViewCollectionViewCell.swift */,
			);
			path = Cell;
			sourceTree = "<group>";
		};
		E12AB4AF23E23EEE00DD15D4 = {
			isa = PBXGroup;
			children = (
				E12AB4BA23E23EEE00DD15D4 /* COOKBOOK */,
				E12AB4B923E23EEE00DD15D4 /* Products */,
				7A0A1F2EFE3B42CEC9F65F36 /* Pods */,
				374F2A6BBA0F0CEF2EB43E68 /* Frameworks */,
			);
			sourceTree = "<group>";
		};
		E12AB4B923E23EEE00DD15D4 /* Products */ = {
			isa = PBXGroup;
			children = (
				E12AB4B823E23EEE00DD15D4 /* COOKBOOK.app */,
			);
			name = Products;
			sourceTree = "<group>";
		};
		E12AB4BA23E23EEE00DD15D4 /* COOKBOOK */ = {
			isa = PBXGroup;
			children = (
				CC1A390323FC50A1000AAF3A /* Application */,
				E19555D923F233530001C480 /* Helpers */,
				E1FAAC8423F16B2A000B0A3E /* Models */,
				E1FAAC8623F16B48000B0A3E /* Views */,
				E1FAAC8523F16B35000B0A3E /* Controllers */,
				CC1A390423FC50E9000AAF3A /* Assets */,
				CC1A390523FC5217000AAF3A /* Others */,
			);
			path = COOKBOOK;
			sourceTree = "<group>";
		};
		E12E612B24AAFAAA0000B367 /* SimilarRecipesView */ = {
			isa = PBXGroup;
			children = (
				E12E612C24AAFAD40000B367 /* SimilarRecipesView.swift */,
			);
			path = SimilarRecipesView;
			sourceTree = "<group>";
		};
		E12E612E24AB665D0000B367 /* SimilarRecipesViewController */ = {
			isa = PBXGroup;
			children = (
				E12E612F24AB667E0000B367 /* SimilarRecipesViewController.swift */,
			);
			path = SimilarRecipesViewController;
			sourceTree = "<group>";
		};
		E138AFF8242D384900DD2816 /* TableViewCells */ = {
			isa = PBXGroup;
			children = (
				E138AFF9242D387500DD2816 /* RecipeInformationsTableViewCell.swift */,
				E138AFFB242D389A00DD2816 /* RecipeStepsTableViewCell.swift */,
			);
			path = TableViewCells;
			sourceTree = "<group>";
		};
		E147ADC423F5CA96004D1074 /* CustomClasses */ = {
			isa = PBXGroup;
			children = (
				E17122552499781100F51DCD /* SigninAlertService */,
				E17A1AB4244CAFBF00DE984A /* AlertService */,
				CC74E77D23FF6B33000625DF /* ActivityIndicator */,
				E147ADC523F5CAA0004D1074 /* Alert */,
			);
			path = CustomClasses;
			sourceTree = "<group>";
		};
		E147ADC523F5CAA0004D1074 /* Alert */ = {
			isa = PBXGroup;
			children = (
				CCF945AF23FA2BE6002734F6 /* Alert.swift */,
			);
			path = Alert;
			sourceTree = "<group>";
		};
		E1625DA3243D1C7500FFABA3 /* SearchViewController */ = {
			isa = PBXGroup;
			children = (
				E1625DA8243D209E00FFABA3 /* SearchViewController.swift */,
			);
			path = SearchViewController;
			sourceTree = "<group>";
		};
		E1625DA4243D1CA200FFABA3 /* SearchView */ = {
			isa = PBXGroup;
			children = (
				E1625DA5243D1CBD00FFABA3 /* SearchView.swift */,
				E1625DA7243D1F0600FFABA3 /* TableViewCell */,
			);
			path = SearchView;
			sourceTree = "<group>";
		};
		E1625DA7243D1F0600FFABA3 /* TableViewCell */ = {
			isa = PBXGroup;
			children = (
				E1625DAC243D3FC100FFABA3 /* SearchViewTableViewCell.swift */,
				E1B68227244B35BE004B666E /* Error404TableViewCell.swift */,
			);
			path = TableViewCell;
			sourceTree = "<group>";
		};
		E16CC94C243E4BD700022ED6 /* SearchedRecipesDetails */ = {
			isa = PBXGroup;
			children = (
				E16CC951243E4CA700022ED6 /* SearchedRecipesDetailsViewController.swift */,
			);
			path = SearchedRecipesDetails;
			sourceTree = "<group>";
		};
		E16CC94D243E4BFE00022ED6 /* SearchedRecipesDetails */ = {
			isa = PBXGroup;
			children = (
				E16CC94E243E4C1100022ED6 /* SearchedRecipesDetails.swift */,
			);
			path = SearchedRecipesDetails;
			sourceTree = "<group>";
		};
		E16CC955243E990600022ED6 /* Search */ = {
			isa = PBXGroup;
			children = (
				E1625DA4243D1CA200FFABA3 /* SearchView */,
				E16CC94D243E4BFE00022ED6 /* SearchedRecipesDetails */,
				E16CC957243E994200022ED6 /* StartCookingSearchedRecipes */,
				E16CC95D243E9AC700022ED6 /* StartBuyingSearchedRecipes */,
			);
			path = Search;
			sourceTree = "<group>";
		};
		E16CC956243E992900022ED6 /* Search */ = {
			isa = PBXGroup;
			children = (
				E1625DA3243D1C7500FFABA3 /* SearchViewController */,
				E16CC94C243E4BD700022ED6 /* SearchedRecipesDetails */,
				E16CC958243E995B00022ED6 /* StartCookingSearchedRecipes */,
				E16CC95E243E9ADA00022ED6 /* StartBuyingSearchedRecipes */,
			);
			path = Search;
			sourceTree = "<group>";
		};
		E16CC957243E994200022ED6 /* StartCookingSearchedRecipes */ = {
			isa = PBXGroup;
			children = (
				E16CC959243E998D00022ED6 /* StartCookingSearchedRecipesView.swift */,
			);
			path = StartCookingSearchedRecipes;
			sourceTree = "<group>";
		};
		E16CC958243E995B00022ED6 /* StartCookingSearchedRecipes */ = {
			isa = PBXGroup;
			children = (
				E16CC95B243E999F00022ED6 /* StartCookingSearchedRecipesViewController.swift */,
			);
			path = StartCookingSearchedRecipes;
			sourceTree = "<group>";
		};
		E16CC95D243E9AC700022ED6 /* StartBuyingSearchedRecipes */ = {
			isa = PBXGroup;
			children = (
				E16CC961243EA6A000022ED6 /* StartBuyingSearchedRecipesView.swift */,
			);
			path = StartBuyingSearchedRecipes;
			sourceTree = "<group>";
		};
		E16CC95E243E9ADA00022ED6 /* StartBuyingSearchedRecipes */ = {
			isa = PBXGroup;
			children = (
				E16CC95F243EA67F00022ED6 /* StartBuyingSearchedRecipesViewController.swift */,
			);
			path = StartBuyingSearchedRecipes;
			sourceTree = "<group>";
		};
		E17122552499781100F51DCD /* SigninAlertService */ = {
			isa = PBXGroup;
			children = (
				E15331AF249A8155006B1315 /* AlertView.swift */,
				E15331B1249A8174006B1315 /* AlertViewController.swift */,
			);
			path = SigninAlertService;
			sourceTree = "<group>";
		};
		E175DC8B242039C900CC9FFA /* TableViewCells */ = {
			isa = PBXGroup;
			children = (
				E1E12CED241E56C0004B84F9 /* IngredientsTableViewCell.swift */,
				E1E12CFD241EB866004B84F9 /* NumberOfIngredientsTableViewCell.swift */,
				E1E2350624A99E2D0035799D /* SimilarRecipes */,
			);
			path = TableViewCells;
			sourceTree = "<group>";
		};
		E17A1AB4244CAFBF00DE984A /* AlertService */ = {
			isa = PBXGroup;
			children = (
				E17A1AB5244CAFCD00DE984A /* AlertService.swift */,
			);
			path = AlertService;
			sourceTree = "<group>";
		};
		E18187B1241D492E00880AC7 /* RecipesDetails */ = {
			isa = PBXGroup;
			children = (
				E18187B5241D4B9500880AC7 /* RecipesDetailsViewController.swift */,
			);
			path = RecipesDetails;
			sourceTree = "<group>";
		};
		E18187B2241D494A00880AC7 /* RecipesDetails */ = {
			isa = PBXGroup;
			children = (
				E18187B3241D495E00880AC7 /* RecipesDetailsView.swift */,
				E175DC8B242039C900CC9FFA /* TableViewCells */,
			);
			path = RecipesDetails;
			sourceTree = "<group>";
		};
		E182586924478A50009E6EB2 /* SideMenu */ = {
			isa = PBXGroup;
			children = (
				CC410FB72406C41500F4A82D /* SideMenuTableViewController.swift */,
			);
			path = SideMenu;
			sourceTree = "<group>";
		};
		E19406A0245329B600F17109 /* SearchByIngredientsViews */ = {
			isa = PBXGroup;
			children = (
				E124F3AD244E4C4A00BA4C65 /* SearchByIngredients */,
				E1AA13032450F1DE00064222 /* SearchByIngredientsTableView */,
				E10D43E724532E7C00FDFC2B /* SearchByIngredientsDetails */,
				E10D43EF24533D0F00FDFC2B /* StartCookingByIngredients */,
				E10D43F024533D1400FDFC2B /* StartBuyingByIngredients */,
			);
			path = SearchByIngredientsViews;
			sourceTree = "<group>";
		};
		E19406A1245329ED00F17109 /* SearchByIngredientsViewControllers */ = {
			isa = PBXGroup;
			children = (
				E124F3AE244E4C5F00BA4C65 /* SearchByIngredients */,
				E1AA13042450F22000064222 /* SearchByIngredientsTableViewController */,
				E10D43EA2453300B00FDFC2B /* SearchByIngredientsDetails */,
				E10D43ED24533CAD00FDFC2B /* StartCookingByIngredients */,
				E10D43EE24533CD100FDFC2B /* StartBuyingByIngredients */,
			);
			path = SearchByIngredientsViewControllers;
			sourceTree = "<group>";
		};
		E19555D923F233530001C480 /* Helpers */ = {
			isa = PBXGroup;
			children = (
				E147ADC423F5CA96004D1074 /* CustomClasses */,
				E1D1EC0923F4E83000A7FFCF /* Extensions */,
			);
			path = Helpers;
			sourceTree = "<group>";
		};
		E1AA13032450F1DE00064222 /* SearchByIngredientsTableView */ = {
			isa = PBXGroup;
			children = (
				E1AA13062450F25C00064222 /* SearchByIngredientsTableView.swift */,
				E1D1CEFA2451903000D578CF /* Cell */,
			);
			path = SearchByIngredientsTableView;
			sourceTree = "<group>";
		};
		E1AA13042450F22000064222 /* SearchByIngredientsTableViewController */ = {
			isa = PBXGroup;
			children = (
				E1AA13082450F28600064222 /* SearchByIngredientsTableViewController.swift */,
			);
			path = SearchByIngredientsTableViewController;
			sourceTree = "<group>";
		};
		E1C49D84242BA9DE00446CDE /* StartCooking */ = {
			isa = PBXGroup;
			children = (
				E1C49D85242BA9FF00446CDE /* StartCookingView.swift */,
				E138AFF8242D384900DD2816 /* TableViewCells */,
			);
			path = StartCooking;
			sourceTree = "<group>";
		};
		E1C49D87242BAA0300446CDE /* StartCooking */ = {
			isa = PBXGroup;
			children = (
				E1C49D88242BAA2000446CDE /* StartCookingViewController.swift */,
			);
			path = StartCooking;
			sourceTree = "<group>";
		};
		E1D1CEFA2451903000D578CF /* Cell */ = {
			isa = PBXGroup;
			children = (
				E1D1CEFB2451904600D578CF /* SearchByIngredientsTableViewCell.swift */,
			);
			path = Cell;
			sourceTree = "<group>";
		};
		E1D1EC0923F4E83000A7FFCF /* Extensions */ = {
			isa = PBXGroup;
			children = (
				E19555DA23F2336B0001C480 /* Colors + Ext.swift */,
				E1CDA91A23F36D43002BCDD8 /* UIView + Ext.swift */,
				E1D4EC7423F4D6E0006E6CB4 /* UIViewController + Ext.swift */,
				CC25A43A240087A400F67182 /* CGRect + Ext.swift */,
				CCF790042401BE6C006FC3A6 /* ImageView + Ext.swift */,
				E124F3AB244E2C5200BA4C65 /* UINavigationController + Ext.swift */,
				E124F3B3244E8C9900BA4C65 /* UITextField + Ext.swift */,
				E11F4C2F24C6EF2A00B68420 /* String + Ext.swift */,
			);
			path = Extensions;
			sourceTree = "<group>";
		};
		E1D832FB243BD0D7006EE2EC /* StartBuying */ = {
			isa = PBXGroup;
			children = (
				E1D832FD243BD128006EE2EC /* StartBuyingView.swift */,
				E1D832FF243BD52F006EE2EC /* TableViewCell */,
			);
			path = StartBuying;
			sourceTree = "<group>";
		};
		E1D832FC243BD10C006EE2EC /* StartBuying */ = {
			isa = PBXGroup;
			children = (
				E1475101243BE492000CF00B /* StartBuyingViewController.swift */,
			);
			path = StartBuying;
			sourceTree = "<group>";
		};
		E1D832FF243BD52F006EE2EC /* TableViewCell */ = {
			isa = PBXGroup;
			children = (
				E1D83300243BD749006EE2EC /* StartBuyingIngredientsTableViewCell.swift */,
				E1475103243BF9D2000CF00B /* ListOfIngredientsTableViewCell.swift */,
			);
			path = TableViewCell;
			sourceTree = "<group>";
		};
		E1E2350624A99E2D0035799D /* SimilarRecipes */ = {
			isa = PBXGroup;
			children = (
				E1E2350424A99D7C0035799D /* SimilarRecipesTableViewCell.swift */,
			);
			path = SimilarRecipes;
			sourceTree = "<group>";
		};
		E1EF80D92438F1330000C4D5 /* SavedRecipesView */ = {
			isa = PBXGroup;
			children = (
				E1EF80DA2438F1600000C4D5 /* SavedRecipesView.swift */,
			);
			path = SavedRecipesView;
			sourceTree = "<group>";
		};
		E1EF80DC2438F1940000C4D5 /* SavedRecipesViewController */ = {
			isa = PBXGroup;
			children = (
				E1EF80DD2438F1AF0000C4D5 /* SavedRecipesViewController.swift */,
			);
			path = SavedRecipesViewController;
			sourceTree = "<group>";
		};
		E1FAAC8423F16B2A000B0A3E /* Models */ = {
			isa = PBXGroup;
			children = (
				E12AB4D523E2487800DD15D4 /* RecipeModel.swift */,
				E1625DAA243D32DB00FFABA3 /* SearchRecipesModel.swift */,
				E1AA130124507C7C00064222 /* SearchWithIngredientsModel.swift */,
				E17BAC5B245CA9CE00DC4072 /* FavouriteRecipesModel.swift */,
				E1DE501424A9B9690069F559 /* SimilarRecipesModel.swift */,
			);
			path = Models;
			sourceTree = "<group>";
		};
		E1FAAC8523F16B35000B0A3E /* Controllers */ = {
			isa = PBXGroup;
			children = (
				E182586924478A50009E6EB2 /* SideMenu */,
				CC33256F23FCF8DE00F8A6F2 /* Splash */,
				CC33257023FCF8E900F8A6F2 /* SignIn */,
				CC33257123FCF8F900F8A6F2 /* SingUp */,
				CC039F0323FD101C002ED7F3 /* ForgetPassword */,
				CCF9CB062402A60800567724 /* Home */,
				CCE19A392415FE9D0089F2CA /* RecipesTableViewDetails */,
				E18187B1241D492E00880AC7 /* RecipesDetails */,
				E12E612E24AB665D0000B367 /* SimilarRecipesViewController */,
				E1C49D87242BAA0300446CDE /* StartCooking */,
				E1D832FC243BD10C006EE2EC /* StartBuying */,
				E16CC956243E992900022ED6 /* Search */,
				E1EF80DC2438F1940000C4D5 /* SavedRecipesViewController */,
				E19406A1245329ED00F17109 /* SearchByIngredientsViewControllers */,
				E1066A982453B34200C426B3 /* AboutUs */,
				E1066A9324536DDD00C426B3 /* ContactUs */,
			);
			path = Controllers;
			sourceTree = "<group>";
		};
		E1FAAC8623F16B48000B0A3E /* Views */ = {
			isa = PBXGroup;
			children = (
				CC410FB62406C35400F4A82D /* SideMenu */,
				CC33257223FCF90B00F8A6F2 /* Splash */,
				CC33257323FCF91800F8A6F2 /* SignIn */,
				CC33257423FCF92400F8A6F2 /* SignUp */,
				CC039F0223FD1004002ED7F3 /* ForgetPassword */,
				CCF9CB072402A61A00567724 /* Home */,
				CC2BA6F92415F33A0039B725 /* RecipesTableViewDetails */,
				E18187B2241D494A00880AC7 /* RecipesDetails */,
				E12E612B24AAFAAA0000B367 /* SimilarRecipesView */,
				E1C49D84242BA9DE00446CDE /* StartCooking */,
				E1D832FB243BD0D7006EE2EC /* StartBuying */,
				E16CC955243E990600022ED6 /* Search */,
				E1EF80D92438F1330000C4D5 /* SavedRecipesView */,
				E19406A0245329B600F17109 /* SearchByIngredientsViews */,
				E1066A9A2453B35500C426B3 /* AboutUs */,
				E1066A9224536DCE00C426B3 /* ContactUs */,
			);
			path = Views;
			sourceTree = "<group>";
		};
/* End PBXGroup section */

/* Begin PBXNativeTarget section */
		E12AB4B723E23EEE00DD15D4 /* COOKBOOK */ = {
			isa = PBXNativeTarget;
			buildConfigurationList = E12AB4CC23E23EEF00DD15D4 /* Build configuration list for PBXNativeTarget "COOKBOOK" */;
			buildPhases = (
				00876D6E9A1182202D64499D /* [CP] Check Pods Manifest.lock */,
				E12AB4B423E23EEE00DD15D4 /* Sources */,
				E12AB4B523E23EEE00DD15D4 /* Frameworks */,
				E12AB4B623E23EEE00DD15D4 /* Resources */,
				52B9849DC442C0ADE53D8AFC /* [CP] Embed Pods Frameworks */,
				E132D37D24AD65BC00D16591 /* ShellScript */,
			);
			buildRules = (
			);
			dependencies = (
			);
			name = COOKBOOK;
			productName = COOKBOOK;
			productReference = E12AB4B823E23EEE00DD15D4 /* COOKBOOK.app */;
			productType = "com.apple.product-type.application";
		};
/* End PBXNativeTarget section */

/* Begin PBXProject section */
		E12AB4B023E23EEE00DD15D4 /* Project object */ = {
			isa = PBXProject;
			attributes = {
				LastSwiftUpdateCheck = 1130;
				LastUpgradeCheck = 1130;
				ORGANIZATIONNAME = "Ahmed Abd Elaziz";
				TargetAttributes = {
					E12AB4B723E23EEE00DD15D4 = {
						CreatedOnToolsVersion = 11.3;
						LastSwiftMigration = 1130;
					};
				};
			};
			buildConfigurationList = E12AB4B323E23EEE00DD15D4 /* Build configuration list for PBXProject "COOKBOOK" */;
			compatibilityVersion = "Xcode 9.3";
			developmentRegion = en;
			hasScannedForEncodings = 0;
			knownRegions = (
				en,
				Base,
				ar,
			);
			mainGroup = E12AB4AF23E23EEE00DD15D4;
			productRefGroup = E12AB4B923E23EEE00DD15D4 /* Products */;
			projectDirPath = "";
			projectRoot = "";
			targets = (
				E12AB4B723E23EEE00DD15D4 /* COOKBOOK */,
			);
		};
/* End PBXProject section */

/* Begin PBXResourcesBuildPhase section */
		E12AB4B623E23EEE00DD15D4 /* Resources */ = {
			isa = PBXResourcesBuildPhase;
			buildActionMask = 2147483647;
			files = (
				E1840A8F24462A9C002AB3E7 /* Assets.xcassets in Resources */,
				E12AB4C823E23EEF00DD15D4 /* LaunchScreen.storyboard in Resources */,
				E1D4EC7323F4C035006E6CB4 /* GoogleService-Info.plist in Resources */,
			);
			runOnlyForDeploymentPostprocessing = 0;
		};
/* End PBXResourcesBuildPhase section */

/* Begin PBXShellScriptBuildPhase section */
		00876D6E9A1182202D64499D /* [CP] Check Pods Manifest.lock */ = {
			isa = PBXShellScriptBuildPhase;
			buildActionMask = 2147483647;
			files = (
			);
			inputFileListPaths = (
			);
			inputPaths = (
				"${PODS_PODFILE_DIR_PATH}/Podfile.lock",
				"${PODS_ROOT}/Manifest.lock",
			);
			name = "[CP] Check Pods Manifest.lock";
			outputFileListPaths = (
			);
			outputPaths = (
				"$(DERIVED_FILE_DIR)/Pods-COOKBOOK-checkManifestLockResult.txt",
			);
			runOnlyForDeploymentPostprocessing = 0;
			shellPath = /bin/sh;
			shellScript = "diff \"${PODS_PODFILE_DIR_PATH}/Podfile.lock\" \"${PODS_ROOT}/Manifest.lock\" > /dev/null\nif [ $? != 0 ] ; then\n    # print error to STDERR\n    echo \"error: The sandbox is not in sync with the Podfile.lock. Run 'pod install' or update your CocoaPods installation.\" >&2\n    exit 1\nfi\n# This output is used by Xcode 'outputs' to avoid re-running this script phase.\necho \"SUCCESS\" > \"${SCRIPT_OUTPUT_FILE_0}\"\n";
			showEnvVarsInLog = 0;
		};
		52B9849DC442C0ADE53D8AFC /* [CP] Embed Pods Frameworks */ = {
			isa = PBXShellScriptBuildPhase;
			buildActionMask = 2147483647;
			files = (
			);
			inputFileListPaths = (
				"${PODS_ROOT}/Target Support Files/Pods-COOKBOOK/Pods-COOKBOOK-frameworks-${CONFIGURATION}-input-files.xcfilelist",
			);
			name = "[CP] Embed Pods Frameworks";
			outputFileListPaths = (
				"${PODS_ROOT}/Target Support Files/Pods-COOKBOOK/Pods-COOKBOOK-frameworks-${CONFIGURATION}-output-files.xcfilelist",
			);
			runOnlyForDeploymentPostprocessing = 0;
			shellPath = /bin/sh;
			shellScript = "\"${PODS_ROOT}/Target Support Files/Pods-COOKBOOK/Pods-COOKBOOK-frameworks.sh\"\n";
			showEnvVarsInLog = 0;
		};
		E132D37D24AD65BC00D16591 /* ShellScript */ = {
			isa = PBXShellScriptBuildPhase;
			buildActionMask = 2147483647;
			files = (
			);
			inputFileListPaths = (
			);
			inputPaths = (
			);
			outputFileListPaths = (
			);
			outputPaths = (
			);
			runOnlyForDeploymentPostprocessing = 0;
			shellPath = /bin/sh;
			shellScript = "# Type a script or drag a script file from your workspace to insert its path.\n\"${PODS_ROOT}/FirebaseCrashlytics/run\"\n";
		};
/* End PBXShellScriptBuildPhase section */

/* Begin PBXSourcesBuildPhase section */
		E12AB4B423E23EEE00DD15D4 /* Sources */ = {
			isa = PBXSourcesBuildPhase;
			buildActionMask = 2147483647;
			files = (
				E12E612D24AAFAD40000B367 /* SimilarRecipesView.swift in Sources */,
				E18187B6241D4B9500880AC7 /* RecipesDetailsViewController.swift in Sources */,
				E1AA13072450F25C00064222 /* SearchByIngredientsTableView.swift in Sources */,
				E1E12CFE241EB866004B84F9 /* NumberOfIngredientsTableViewCell.swift in Sources */,
				E10D43EC2453302100FDFC2B /* SearchByIngredientsDetailsViewController.swift in Sources */,
				E1066A9E2453B3A800C426B3 /* AboutUsViewController.swift in Sources */,
				E133302923F4286C008B46FC /* SignUpViewController.swift in Sources */,
				E1475104243BF9D2000CF00B /* ListOfIngredientsTableViewCell.swift in Sources */,
				CC2A98A92410ECEC002FD8B4 /* PopularRecipesCollectionViewCell.swift in Sources */,
				E138AFFA242D387500DD2816 /* RecipeInformationsTableViewCell.swift in Sources */,
				E1066A9524536DF200C426B3 /* ContactUsView.swift in Sources */,
				E16CC962243EA6A000022ED6 /* StartBuyingSearchedRecipesView.swift in Sources */,
				E12AB4D023E2421700DD15D4 /* HomeViewController.swift in Sources */,
				E12AB4C023E23EEE00DD15D4 /* SignInViewController.swift in Sources */,
				E1CDA91B23F36D43002BCDD8 /* UIView + Ext.swift in Sources */,
				E1D1CEFC2451904600D578CF /* SearchByIngredientsTableViewCell.swift in Sources */,
				CCF279E2240B186700EFEADE /* CategoriesTableViewCellCollectionViewCell.swift in Sources */,
				E1625DA6243D1CBD00FFABA3 /* SearchView.swift in Sources */,
				E17BAC5C245CA9CE00DC4072 /* FavouriteRecipesModel.swift in Sources */,
				E10D43F424533D9300FDFC2B /* StartBuyingByIngredientsView.swift in Sources */,
				E111617924089FCA00865872 /* UserTableViewCell.swift in Sources */,
				E10D43F824533DE000FDFC2B /* StartBuyingByIngredientsViewController.swift in Sources */,
				E1D4EC7523F4D6E0006E6CB4 /* UIViewController + Ext.swift in Sources */,
				CC2752E123FDA33D00BE56A5 /* HomeView.swift in Sources */,
				E1EF80DB2438F1600000C4D5 /* SavedRecipesView.swift in Sources */,
				E1C49D86242BA9FF00446CDE /* StartCookingView.swift in Sources */,
				E1625DAB243D32DB00FFABA3 /* SearchRecipesModel.swift in Sources */,
				E138AFFC242D389A00DD2816 /* RecipeStepsTableViewCell.swift in Sources */,
				E15331B2249A8174006B1315 /* AlertViewController.swift in Sources */,
				CCE8FC88240C7CD500005405 /* CategoriesCollectionViewCell.swift in Sources */,
				E16CC95C243E999F00022ED6 /* StartCookingSearchedRecipesViewController.swift in Sources */,
				E1EF80DE2438F1AF0000C4D5 /* SavedRecipesViewController.swift in Sources */,
				E124F3B2244E4CA400BA4C65 /* SearchByIngredientsViewController.swift in Sources */,
				E12AB4BC23E23EEE00DD15D4 /* AppDelegate.swift in Sources */,
				E10D43F624533DD800FDFC2B /* StartCookingByIngredientsViewController.swift in Sources */,
				E1D83301243BD749006EE2EC /* StartBuyingIngredientsTableViewCell.swift in Sources */,
				CC410FBB2406C44500F4A82D /* SideMenuTableViewCell.swift in Sources */,
				E16CC95A243E998D00022ED6 /* StartCookingSearchedRecipesView.swift in Sources */,
				CCF945B023FA2BE6002734F6 /* Alert.swift in Sources */,
				E1D832FE243BD128006EE2EC /* StartBuyingView.swift in Sources */,
				E124F3B7244EB0A200BA4C65 /* SearchByIngredientsViewCollectionViewCell.swift in Sources */,
				E1475102243BE492000CF00B /* StartBuyingViewController.swift in Sources */,
				E1AA130224507C7C00064222 /* SearchWithIngredientsModel.swift in Sources */,
				E19555DB23F2336B0001C480 /* Colors + Ext.swift in Sources */,
				CCA170492402A96A008126C1 /* HomeTableViewCell.swift in Sources */,
				E17A1AB6244CAFCD00DE984A /* AlertService.swift in Sources */,
				E1AA13092450F28600064222 /* SearchByIngredientsTableViewController.swift in Sources */,
				E1625DAD243D3FC100FFABA3 /* SearchViewTableViewCell.swift in Sources */,
				CC2BA6FB2415F3A00039B725 /* RecipesTableViewDetailsView.swift in Sources */,
				E15331B0249A8155006B1315 /* AlertView.swift in Sources */,
				E1E2350524A99D7C0035799D /* SimilarRecipesTableViewCell.swift in Sources */,
				E16CC952243E4CA700022ED6 /* SearchedRecipesDetailsViewController.swift in Sources */,
				E1066A9C2453B36E00C426B3 /* AboutUsView.swift in Sources */,
				CC25A43B240087A400F67182 /* CGRect + Ext.swift in Sources */,
				CCE19A3B2415FED50089F2CA /* RecipesTableViewDetails.swift in Sources */,
				CC039F0523FD1031002ED7F3 /* ForgetPasswordView.swift in Sources */,
				E16CC960243EA67F00022ED6 /* StartBuyingSearchedRecipesViewController.swift in Sources */,
				CC1A390723FC54ED000AAF3A /* SignInView.swift in Sources */,
				E1066A9724536E3800C426B3 /* ContactUsViewController.swift in Sources */,
				E1C49D89242BAA2000446CDE /* StartCookingViewController.swift in Sources */,
				E11F4C3024C6EF2A00B68420 /* String + Ext.swift in Sources */,
				E124F3B0244E4C8900BA4C65 /* SearchByIngredientsView.swift in Sources */,
				E10D43E924532EAB00FDFC2B /* SearchByIngredientsDetailsView.swift in Sources */,
				CC33256E23FCF88D00F8A6F2 /* SignupView.swift in Sources */,
				E12AB4BE23E23EEE00DD15D4 /* SceneDelegate.swift in Sources */,
				CCF790052401BE6C006FC3A6 /* ImageView + Ext.swift in Sources */,
				E16CC94F243E4C1100022ED6 /* SearchedRecipesDetails.swift in Sources */,
				E1625DA9243D209E00FFABA3 /* SearchViewController.swift in Sources */,
				E12AB4D623E2487800DD15D4 /* RecipeModel.swift in Sources */,
				E12E613024AB667E0000B367 /* SimilarRecipesViewController.swift in Sources */,
				CC2A98AC2410F839002FD8B4 /* PopularRecipesTableViewCellCollectionViewCell.swift in Sources */,
				E1B68228244B35BE004B666E /* Error404TableViewCell.swift in Sources */,
				E15FB4D123F19FA2001FAB47 /* SplashViewController.swift in Sources */,
				E10D43F224533D4400FDFC2B /* StartCookingByIngredientsView.swift in Sources */,
				E133302B23F4359A008B46FC /* ForgetPasswordViewController.swift in Sources */,
				E124F3AC244E2C5200BA4C65 /* UINavigationController + Ext.swift in Sources */,
				CC74E77F23FF6B4E000625DF /* ActivityIndicator.swift in Sources */,
				E124F3B4244E8C9900BA4C65 /* UITextField + Ext.swift in Sources */,
				CC1A390223FC1EB3000AAF3A /* SplashView.swift in Sources */,
				CC410FB82406C41500F4A82D /* SideMenuTableViewController.swift in Sources */,
				E1E12CEE241E56C0004B84F9 /* IngredientsTableViewCell.swift in Sources */,
				E18187B4241D495E00880AC7 /* RecipesDetailsView.swift in Sources */,
				E196849A24453C650007F16A /* SideMenuTableView.swift in Sources */,
				E1DE501524A9B9690069F559 /* SimilarRecipesModel.swift in Sources */,
			);
			runOnlyForDeploymentPostprocessing = 0;
		};
/* End PBXSourcesBuildPhase section */

/* Begin PBXVariantGroup section */
		E12AB4C623E23EEF00DD15D4 /* LaunchScreen.storyboard */ = {
			isa = PBXVariantGroup;
			children = (
				E12AB4C723E23EEF00DD15D4 /* Base */,
			);
			name = LaunchScreen.storyboard;
			sourceTree = "<group>";
		};
/* End PBXVariantGroup section */

/* Begin XCBuildConfiguration section */
		E12AB4CA23E23EEF00DD15D4 /* Debug */ = {
			isa = XCBuildConfiguration;
			buildSettings = {
				ALWAYS_SEARCH_USER_PATHS = NO;
				CLANG_ANALYZER_LOCALIZABILITY_NONLOCALIZED = YES;
				CLANG_ANALYZER_NONNULL = YES;
				CLANG_ANALYZER_NUMBER_OBJECT_CONVERSION = YES_AGGRESSIVE;
				CLANG_CXX_LANGUAGE_STANDARD = "gnu++14";
				CLANG_CXX_LIBRARY = "libc++";
				CLANG_ENABLE_MODULES = YES;
				CLANG_ENABLE_OBJC_ARC = YES;
				CLANG_ENABLE_OBJC_WEAK = YES;
				CLANG_WARN_BLOCK_CAPTURE_AUTORELEASING = YES;
				CLANG_WARN_BOOL_CONVERSION = YES;
				CLANG_WARN_COMMA = YES;
				CLANG_WARN_CONSTANT_CONVERSION = YES;
				CLANG_WARN_DEPRECATED_OBJC_IMPLEMENTATIONS = YES;
				CLANG_WARN_DIRECT_OBJC_ISA_USAGE = YES_ERROR;
				CLANG_WARN_DOCUMENTATION_COMMENTS = YES;
				CLANG_WARN_EMPTY_BODY = YES;
				CLANG_WARN_ENUM_CONVERSION = YES;
				CLANG_WARN_INFINITE_RECURSION = YES;
				CLANG_WARN_INT_CONVERSION = YES;
				CLANG_WARN_NON_LITERAL_NULL_CONVERSION = YES;
				CLANG_WARN_OBJC_IMPLICIT_RETAIN_SELF = YES;
				CLANG_WARN_OBJC_LITERAL_CONVERSION = YES;
				CLANG_WARN_OBJC_ROOT_CLASS = YES_ERROR;
				CLANG_WARN_RANGE_LOOP_ANALYSIS = YES;
				CLANG_WARN_STRICT_PROTOTYPES = YES;
				CLANG_WARN_SUSPICIOUS_MOVE = YES;
				CLANG_WARN_UNGUARDED_AVAILABILITY = YES_AGGRESSIVE;
				CLANG_WARN_UNREACHABLE_CODE = YES;
				CLANG_WARN__DUPLICATE_METHOD_MATCH = YES;
				COPY_PHASE_STRIP = NO;
				DEBUG_INFORMATION_FORMAT = dwarf;
				ENABLE_STRICT_OBJC_MSGSEND = YES;
				ENABLE_TESTABILITY = YES;
				GCC_C_LANGUAGE_STANDARD = gnu11;
				GCC_DYNAMIC_NO_PIC = NO;
				GCC_NO_COMMON_BLOCKS = YES;
				GCC_OPTIMIZATION_LEVEL = 0;
				GCC_PREPROCESSOR_DEFINITIONS = (
					"DEBUG=1",
					"$(inherited)",
				);
				GCC_WARN_64_TO_32_BIT_CONVERSION = YES;
				GCC_WARN_ABOUT_RETURN_TYPE = YES_ERROR;
				GCC_WARN_UNDECLARED_SELECTOR = YES;
				GCC_WARN_UNINITIALIZED_AUTOS = YES_AGGRESSIVE;
				GCC_WARN_UNUSED_FUNCTION = YES;
				GCC_WARN_UNUSED_VARIABLE = YES;
				IPHONEOS_DEPLOYMENT_TARGET = 13.2;
				MTL_ENABLE_DEBUG_INFO = INCLUDE_SOURCE;
				MTL_FAST_MATH = YES;
				ONLY_ACTIVE_ARCH = YES;
				SDKROOT = iphoneos;
				SWIFT_ACTIVE_COMPILATION_CONDITIONS = DEBUG;
				SWIFT_OPTIMIZATION_LEVEL = "-Onone";
			};
			name = Debug;
		};
		E12AB4CB23E23EEF00DD15D4 /* Release */ = {
			isa = XCBuildConfiguration;
			buildSettings = {
				ALWAYS_SEARCH_USER_PATHS = NO;
				CLANG_ANALYZER_LOCALIZABILITY_NONLOCALIZED = YES;
				CLANG_ANALYZER_NONNULL = YES;
				CLANG_ANALYZER_NUMBER_OBJECT_CONVERSION = YES_AGGRESSIVE;
				CLANG_CXX_LANGUAGE_STANDARD = "gnu++14";
				CLANG_CXX_LIBRARY = "libc++";
				CLANG_ENABLE_MODULES = YES;
				CLANG_ENABLE_OBJC_ARC = YES;
				CLANG_ENABLE_OBJC_WEAK = YES;
				CLANG_WARN_BLOCK_CAPTURE_AUTORELEASING = YES;
				CLANG_WARN_BOOL_CONVERSION = YES;
				CLANG_WARN_COMMA = YES;
				CLANG_WARN_CONSTANT_CONVERSION = YES;
				CLANG_WARN_DEPRECATED_OBJC_IMPLEMENTATIONS = YES;
				CLANG_WARN_DIRECT_OBJC_ISA_USAGE = YES_ERROR;
				CLANG_WARN_DOCUMENTATION_COMMENTS = YES;
				CLANG_WARN_EMPTY_BODY = YES;
				CLANG_WARN_ENUM_CONVERSION = YES;
				CLANG_WARN_INFINITE_RECURSION = YES;
				CLANG_WARN_INT_CONVERSION = YES;
				CLANG_WARN_NON_LITERAL_NULL_CONVERSION = YES;
				CLANG_WARN_OBJC_IMPLICIT_RETAIN_SELF = YES;
				CLANG_WARN_OBJC_LITERAL_CONVERSION = YES;
				CLANG_WARN_OBJC_ROOT_CLASS = YES_ERROR;
				CLANG_WARN_RANGE_LOOP_ANALYSIS = YES;
				CLANG_WARN_STRICT_PROTOTYPES = YES;
				CLANG_WARN_SUSPICIOUS_MOVE = YES;
				CLANG_WARN_UNGUARDED_AVAILABILITY = YES_AGGRESSIVE;
				CLANG_WARN_UNREACHABLE_CODE = YES;
				CLANG_WARN__DUPLICATE_METHOD_MATCH = YES;
				COPY_PHASE_STRIP = NO;
				DEBUG_INFORMATION_FORMAT = dwarf;
				ENABLE_NS_ASSERTIONS = NO;
				ENABLE_STRICT_OBJC_MSGSEND = YES;
				GCC_C_LANGUAGE_STANDARD = gnu11;
				GCC_NO_COMMON_BLOCKS = YES;
				GCC_WARN_64_TO_32_BIT_CONVERSION = YES;
				GCC_WARN_ABOUT_RETURN_TYPE = YES_ERROR;
				GCC_WARN_UNDECLARED_SELECTOR = YES;
				GCC_WARN_UNINITIALIZED_AUTOS = YES_AGGRESSIVE;
				GCC_WARN_UNUSED_FUNCTION = YES;
				GCC_WARN_UNUSED_VARIABLE = YES;
				IPHONEOS_DEPLOYMENT_TARGET = 13.2;
				MTL_ENABLE_DEBUG_INFO = NO;
				MTL_FAST_MATH = YES;
				SDKROOT = iphoneos;
				SWIFT_COMPILATION_MODE = wholemodule;
				SWIFT_OPTIMIZATION_LEVEL = "-O";
				VALIDATE_PRODUCT = YES;
			};
			name = Release;
		};
		E12AB4CD23E23EEF00DD15D4 /* Debug */ = {
			isa = XCBuildConfiguration;
			baseConfigurationReference = ED74E39EF6444D0FBB635A32 /* Pods-COOKBOOK.debug.xcconfig */;
			buildSettings = {
				ASSETCATALOG_COMPILER_APPICON_NAME = AppIcon;
				CLANG_ENABLE_MODULES = YES;
				CODE_SIGN_STYLE = Automatic;
				CURRENT_PROJECT_VERSION = 11;
				DEBUG_INFORMATION_FORMAT = "dwarf-with-dsym";
				DEVELOPMENT_TEAM = 57RA7SGH3Y;
				INFOPLIST_FILE = COOKBOOK/Others/Info.plist;
				LD_RUNPATH_SEARCH_PATHS = (
					"$(inherited)",
					"@executable_path/Frameworks",
				);
				MARKETING_VERSION = 1.0.10;
				PRODUCT_BUNDLE_IDENTIFIER = com.101techie.COOKBOOK;
				PRODUCT_NAME = "$(TARGET_NAME)";
				SWIFT_OPTIMIZATION_LEVEL = "-Onone";
				SWIFT_VERSION = 5.0;
				TARGETED_DEVICE_FAMILY = 1;
			};
			name = Debug;
		};
		E12AB4CE23E23EEF00DD15D4 /* Release */ = {
			isa = XCBuildConfiguration;
			baseConfigurationReference = 44AF172FF2AA4E53D4F84C50 /* Pods-COOKBOOK.release.xcconfig */;
			buildSettings = {
				ASSETCATALOG_COMPILER_APPICON_NAME = AppIcon;
				CLANG_ENABLE_MODULES = YES;
				CODE_SIGN_STYLE = Automatic;
				CURRENT_PROJECT_VERSION = 11;
				DEBUG_INFORMATION_FORMAT = "dwarf-with-dsym";
				DEVELOPMENT_TEAM = 57RA7SGH3Y;
				INFOPLIST_FILE = COOKBOOK/Others/Info.plist;
				LD_RUNPATH_SEARCH_PATHS = (
					"$(inherited)",
					"@executable_path/Frameworks",
				);
				MARKETING_VERSION = 1.0.10;
				PRODUCT_BUNDLE_IDENTIFIER = com.101techie.COOKBOOK;
				PRODUCT_NAME = "$(TARGET_NAME)";
				SWIFT_VERSION = 5.0;
				TARGETED_DEVICE_FAMILY = 1;
			};
			name = Release;
		};
/* End XCBuildConfiguration section */

/* Begin XCConfigurationList section */
		E12AB4B323E23EEE00DD15D4 /* Build configuration list for PBXProject "COOKBOOK" */ = {
			isa = XCConfigurationList;
			buildConfigurations = (
				E12AB4CA23E23EEF00DD15D4 /* Debug */,
				E12AB4CB23E23EEF00DD15D4 /* Release */,
			);
			defaultConfigurationIsVisible = 0;
			defaultConfigurationName = Release;
		};
		E12AB4CC23E23EEF00DD15D4 /* Build configuration list for PBXNativeTarget "COOKBOOK" */ = {
			isa = XCConfigurationList;
			buildConfigurations = (
				E12AB4CD23E23EEF00DD15D4 /* Debug */,
				E12AB4CE23E23EEF00DD15D4 /* Release */,
			);
			defaultConfigurationIsVisible = 0;
			defaultConfigurationName = Release;
		};
/* End XCConfigurationList section */
	};
	rootObject = E12AB4B023E23EEE00DD15D4 /* Project object */;
}
